
Microsoft Visual Studio Solution File, Format Version 11.00
# Visual Studio 2010
Project("{2150E333-8FDC-42A3-9474-1A3956D46DE8}") = "NUnitArxNet", "NUnitArxNet", "{6A986B8F-A26A-4F86-920F-0F8AF2428939}"
EndProject
Project("{2150E333-8FDC-42A3-9474-1A3956D46DE8}") = "Solution Items", "Solution Items", "{A65042E1-D8BC-48DD-8DE1-F0991F07EA77}"
	ProjectSection(SolutionItems) = preProject
		..\NUnit-2.6.0.11340\src\nunit.snk = ..\NUnit-2.6.0.11340\src\nunit.snk
		..\NUnit-2.6.0.11340\NUnitTests.config = ..\NUnit-2.6.0.11340\NUnitTests.config
	EndProjectSection
EndProject
Project("{2150E333-8FDC-42A3-9474-1A3956D46DE8}") = "NUnitFramework", "NUnitFramework", "{A2FF9F1B-1854-479A-859C-6ECEBF045E4C}"
EndProject
Project("{2150E333-8FDC-42A3-9474-1A3956D46DE8}") = "ClientUtilities", "ClientUtilities", "{D448BA20-BA70-4F70-AF53-4C0E6C1E97E7}"
EndProject
Project("{2150E333-8FDC-42A3-9474-1A3956D46DE8}") = "ConsoleRunner", "ConsoleRunner", "{1DBAF726-8009-41CC-B82A-4EFE94CBEEFC}"
EndProject
Project("{2150E333-8FDC-42A3-9474-1A3956D46DE8}") = "GuiRunner", "GuiRunner", "{77D10207-CB02-4C3A-8734-5A5173E3C506}"
EndProject
Project("{2150E333-8FDC-42A3-9474-1A3956D46DE8}") = "NUnitCore", "NUnitCore", "{AEAED2BD-F22D-42C8-9047-F293BEF70EAB}"
EndProject
Project("{2150E333-8FDC-42A3-9474-1A3956D46DE8}") = "GuiComponents", "GuiComponents", "{168F8C38-129C-454A-B112-F456BC7F4FE4}"
EndProject
Project("{2150E333-8FDC-42A3-9474-1A3956D46DE8}") = "GuiException", "GuiException", "{35A92AA3-A1E6-426E-8D96-322F3EBF1C8D}"
EndProject
Project("{2150E333-8FDC-42A3-9474-1A3956D46DE8}") = "tests", "tests", "{6142B985-EA14-4DE0-884F-E62D89949E1D}"
EndProject
Project("{2150E333-8FDC-42A3-9474-1A3956D46DE8}") = "NUnitMocks", "NUnitMocks", "{7740410A-54B5-4334-8DE3-6D6F616BD6A5}"
EndProject
Project("{2150E333-8FDC-42A3-9474-1A3956D46DE8}") = "PNUnit", "PNUnit", "{979724B8-6FAA-400F-B40D-EB653A815C87}"
EndProject
Project("{2150E333-8FDC-42A3-9474-1A3956D46DE8}") = "NUnitTestServer", "NUnitTestServer", "{D029F8FD-84E3-4AD3-8F1B-CCA0C856E659}"
EndProject
Project("{2150E333-8FDC-42A3-9474-1A3956D46DE8}") = "ProjectEditor", "ProjectEditor", "{992367F7-9154-4424-B55E-3EF8673A2A36}"
EndProject
Project("{2150E333-8FDC-42A3-9474-1A3956D46DE8}") = "Scripts", "Scripts", "{A785FC02-6044-4864-BE24-4593CAD23A97}"
	ProjectSection(SolutionItems) = preProject
		..\NUnit-2.6.0.11340\scripts\nunit.build.targets = ..\NUnit-2.6.0.11340\scripts\nunit.build.targets
		..\NUnit-2.6.0.11340\scripts\nunit.common.targets = ..\NUnit-2.6.0.11340\scripts\nunit.common.targets
		..\NUnit-2.6.0.11340\scripts\nunit.package.targets = ..\NUnit-2.6.0.11340\scripts\nunit.package.targets
	EndProjectSection
EndProject
Project("{FAE04EC0-301F-11D3-BF4B-00C04F79EFBC}") = "nunit-gui.exe", "..\NUnit-2.6.0.11340\src\GuiRunner\nunit-gui-exe\nunit-gui.exe.csproj", "{AAB186A4-FA3D-404D-AD78-7EB5BB861655}"
EndProject
Project("{FAE04EC0-301F-11D3-BF4B-00C04F79EFBC}") = "nunit-gui", "..\NUnit-2.6.0.11340\src\GuiRunner\nunit-gui\nunit-gui.csproj", "{3FF340D5-D3B4-4DF0-BAF1-98B3C00B6148}"
EndProject
Project("{FAE04EC0-301F-11D3-BF4B-00C04F79EFBC}") = "nunit.mocks", "..\NUnit-2.6.0.11340\src\NUnitMocks\mocks\nunit.mocks.csproj", "{EEE7C98B-23E6-472D-9036-C2D53B0DFE7C}"
EndProject
Project("{FAE04EC0-301F-11D3-BF4B-00C04F79EFBC}") = "nunit.uikit.dll", "..\NUnit-2.6.0.11340\src\GuiComponents\UiKit\nunit.uikit.dll.csproj", "{27531BBF-183D-4C3A-935B-D840B9F1A3A4}"
EndProject
Project("{FAE04EC0-301F-11D3-BF4B-00C04F79EFBC}") = "nunit.util.dll", "..\NUnit-2.6.0.11340\src\ClientUtilities\util\nunit.util.dll.csproj", "{61CE9CE5-943E-44D4-A381-814DC1406767}"
EndProject
Project("{FAE04EC0-301F-11D3-BF4B-00C04F79EFBC}") = "nunit.framework.dll", "..\NUnit-2.6.0.11340\src\NUnitFramework\framework\nunit.framework.dll.csproj", "{83DD7E12-A705-4DBA-9D71-09C8973D9382}"
EndProject
Project("{FAE04EC0-301F-11D3-BF4B-00C04F79EFBC}") = "nunit.mocks.tests", "..\NUnit-2.6.0.11340\src\NUnitMocks\tests\nunit.mocks.tests.csproj", "{8667C588-1A05-4773-A9E8-272EB302B8AB}"
EndProject
Project("{FAE04EC0-301F-11D3-BF4B-00C04F79EFBC}") = "nunit.uikit.tests", "..\NUnit-2.6.0.11340\src\GuiComponents\tests\nunit.uikit.tests.csproj", "{63EC3999-FA6B-4C5B-8805-5A88AF4CBD7B}"
EndProject
Project("{FAE04EC0-301F-11D3-BF4B-00C04F79EFBC}") = "nunit-console.exe", "..\NUnit-2.6.0.11340\src\ConsoleRunner\nunit-console-exe\nunit-console.exe.csproj", "{53BF8787-CB9C-4BB8-AFB4-605DD3A5CA0E}"
EndProject
Project("{FAE04EC0-301F-11D3-BF4B-00C04F79EFBC}") = "nunit-console.tests", "..\NUnit-2.6.0.11340\src\ConsoleRunner\tests\nunit-console.tests.csproj", "{8597D2C6-804D-48CB-BFC7-ED2404D389B0}"
EndProject
Project("{FAE04EC0-301F-11D3-BF4B-00C04F79EFBC}") = "nunit.util.tests", "..\NUnit-2.6.0.11340\src\ClientUtilities\tests\nunit.util.tests.csproj", "{74EF7165-117E-48ED-98EA-068EAE438E53}"
EndProject
Project("{FAE04EC0-301F-11D3-BF4B-00C04F79EFBC}") = "nunit.framework.tests", "..\NUnit-2.6.0.11340\src\NUnitFramework\tests\nunit.framework.tests.csproj", "{8C326431-AE57-4645-ACC1-A90A0B425129}"
EndProject
Project("{FAE04EC0-301F-11D3-BF4B-00C04F79EFBC}") = "nunit.core.dll", "..\NUnit-2.6.0.11340\src\NUnitCore\core\nunit.core.dll.csproj", "{EBD43A7F-AFCA-4281-BB53-5CDD91F966A3}"
EndProject
Project("{FAE04EC0-301F-11D3-BF4B-00C04F79EFBC}") = "nunit.core.tests", "..\NUnit-2.6.0.11340\src\NUnitCore\tests\nunit.core.tests.csproj", "{DD758D21-E5D5-4D40-9450-5F65A32F359C}"
EndProject
Project("{FAE04EC0-301F-11D3-BF4B-00C04F79EFBC}") = "test-assembly", "..\NUnit-2.6.0.11340\src\tests\test-assembly\test-assembly.csproj", "{1960CAC4-9A82-47C5-A9B3-55BC37572C3C}"
EndProject
Project("{FAE04EC0-301F-11D3-BF4B-00C04F79EFBC}") = "nunit.core.interfaces.dll", "..\NUnit-2.6.0.11340\src\NUnitCore\interfaces\nunit.core.interfaces.dll.csproj", "{435428F8-5995-4CE4-8022-93D595A8CC0F}"
EndProject
Project("{FAE04EC0-301F-11D3-BF4B-00C04F79EFBC}") = "mock-assembly", "..\NUnit-2.6.0.11340\src\tests\mock-assembly\mock-assembly.csproj", "{2E368281-3BA8-4050-B05E-0E0E43F8F446}"
EndProject
Project("{FAE04EC0-301F-11D3-BF4B-00C04F79EFBC}") = "nonamespace-assembly", "..\NUnit-2.6.0.11340\src\tests\nonamespace-assembly\nonamespace-assembly.csproj", "{5110F0D2-8E50-46F8-9E17-7C8EBFECCA9D}"
EndProject
Project("{FAE04EC0-301F-11D3-BF4B-00C04F79EFBC}") = "test-utilities", "..\NUnit-2.6.0.11340\src\tests\test-utilities\test-utilities.csproj", "{3E63AD0F-24D4-46BE-BEE4-5A3299847D86}"
EndProject
Project("{FAE04EC0-301F-11D3-BF4B-00C04F79EFBC}") = "nunit-console", "..\NUnit-2.6.0.11340\src\ConsoleRunner\nunit-console\nunit-console.csproj", "{9367EC89-6A38-42BA-9607-0DC288E4BC3A}"
EndProject
Project("{FAE04EC0-301F-11D3-BF4B-00C04F79EFBC}") = "nunit-agent.exe", "..\NUnit-2.6.0.11340\src\NUnitTestServer\nunit-agent-exe\nunit-agent.exe.csproj", "{3E469CD9-FED2-4955-AE4C-669A74CA6767}"
EndProject
Project("{FAE04EC0-301F-11D3-BF4B-00C04F79EFBC}") = "pnunit.framework", "..\NUnit-2.6.0.11340\src\PNUnit\pnunit.framework\pnunit.framework.csproj", "{5261ABA1-98E6-4603-A4F0-59CAC307AC68}"
EndProject
Project("{FAE04EC0-301F-11D3-BF4B-00C04F79EFBC}") = "pnunit-agent", "..\NUnit-2.6.0.11340\src\PNUnit\agent\pnunit-agent.csproj", "{621C27DA-CC29-4663-9FE4-BF5A67970C18}"
EndProject
Project("{FAE04EC0-301F-11D3-BF4B-00C04F79EFBC}") = "pnunit-launcher", "..\NUnit-2.6.0.11340\src\PNUnit\launcher\pnunit-launcher.csproj", "{91FC5C92-E801-4446-B4D6-EAC5B56A4DB2}"
EndProject
Project("{FAE04EC0-301F-11D3-BF4B-00C04F79EFBC}") = "pnunit.tests", "..\NUnit-2.6.0.11340\src\PNUnit\tests\pnunit.tests.csproj", "{319B9238-76BE-4335-9B4D-F8E43C4B124F}"
EndProject
Project("{FAE04EC0-301F-11D3-BF4B-00C04F79EFBC}") = "nunit.uiexception.dll", "..\NUnit-2.6.0.11340\src\GuiException\UiException\nunit.uiexception.dll.csproj", "{3E87A106-EB20-4147-84C8-95B0BB43A1D4}"
EndProject
Project("{FAE04EC0-301F-11D3-BF4B-00C04F79EFBC}") = "nunit.uiexception.tests", "..\NUnit-2.6.0.11340\src\GuiException\tests\nunit.uiexception.tests.csproj", "{092486D0-6AB9-4134-932F-0FDA10704455}"
EndProject
Project("{FAE04EC0-301F-11D3-BF4B-00C04F79EFBC}") = "nunit-editor", "..\NUnit-2.6.0.11340\src\ProjectEditor\editor\nunit-editor.csproj", "{ED57DCEC-3C16-4A90-BD3C-4D5BE5AD70FB}"
EndProject
Project("{FAE04EC0-301F-11D3-BF4B-00C04F79EFBC}") = "nunit-editor.tests", "..\NUnit-2.6.0.11340\src\ProjectEditor\tests\nunit-editor.tests.csproj", "{A9E1C1E9-AE97-4510-AD94-EAFADE425FBE}"
EndProject
Project("{2150E333-8FDC-42A3-9474-1A3956D46DE8}") = "NUnit", "NUnit", "{5C30000C-1DE0-436C-98A3-D79DB28BF140}"
EndProject
Project("{2150E333-8FDC-42A3-9474-1A3956D46DE8}") = "CommandRunnerArxNet", "CommandRunnerArxNet", "{732AA51B-CA7C-4F80-8D43-3AD752383AB8}"
EndProject
Project("{FAE04EC0-301F-11D3-BF4B-00C04F79EFBC}") = "nunit-command-arxnet.dll", "src\CommandRunnerArxNet\nunit-command-arxnet-dll\nunit-command-arxnet.dll.csproj", "{100DB59D-F245-400D-890F-0EBF44A8FEC7}"
EndProject
Project("{FAE04EC0-301F-11D3-BF4B-00C04F79EFBC}") = "nunit-command-arxnet", "src\CommandRunnerArxNet\nunit-command-arxnet\nunit-command-arxnet.csproj", "{37C157B3-221D-4437-AEFB-03A85C93C914}"
EndProject
Project("{2150E333-8FDC-42A3-9474-1A3956D46DE8}") = "GuiRunnerArxNet", "GuiRunnerArxNet", "{E7B76DE7-B89D-43F2-B5AC-73AADEDA5A8B}"
EndProject
Project("{2150E333-8FDC-42A3-9474-1A3956D46DE8}") = "samples", "samples", "{211E6B92-9542-4ABB-A9A5-CCF8D98CEEC4}"
EndProject
Project("{FAE04EC0-301F-11D3-BF4B-00C04F79EFBC}") = "cs-failures", "samples\csharp\failures\cs-failures.csproj", "{15D66EEE-A852-4A52-89C2-83E74ECF3770}"
EndProject
Project("{FAE04EC0-301F-11D3-BF4B-00C04F79EFBC}") = "cs-money", "samples\csharp\money\cs-money.csproj", "{11EDF872-A04D-4F75-A1BF-71168DC86AF3}"
EndProject
Project("{FAE04EC0-301F-11D3-BF4B-00C04F79EFBC}") = "cs-syntax", "samples\csharp\syntax\cs-syntax.csproj", "{06F46FA2-687B-4B46-A912-C1B0B4CC1B20}"
EndProject
Project("{2150E333-8FDC-42A3-9474-1A3956D46DE8}") = "csharp", "csharp", "{BF913949-88A9-48C1-8257-158DA46D38C8}"
EndProject
Project("{FAE04EC0-301F-11D3-BF4B-00C04F79EFBC}") = "nunit-command-arxnet.tests", "src\CommandRunnerArxNet\tests\nunit-command-arxnet.tests.csproj", "{0F335A1B-3249-4237-83BB-FD226AAC0C8D}"
EndProject
Project("{FAE04EC0-301F-11D3-BF4B-00C04F79EFBC}") = "nunit-gui-arxnet.dll", "src\GuiRunnerArxNet\nunit-gui-arxnet-dll\nunit-gui-arxnet.dll.csproj", "{47A86F7B-808A-4742-8693-A0F2000A06E6}"
EndProject
Project("{FAE04EC0-301F-11D3-BF4B-00C04F79EFBC}") = "nunit-gui-arxnet", "src\GuiRunnerArxNet\nunit-gui-arxnet\nunit-gui-arxnet.csproj", "{D10CD614-60D0-49B0-A07F-D4FB5BADC279}"
EndProject
Project("{FAE04EC0-301F-11D3-BF4B-00C04F79EFBC}") = "nunit-gui.tests", "..\NUnit-2.6.0.11340\src\GuiRunner\tests\nunit-gui.tests.csproj", "{AAD27267-DE1F-4F61-A1FB-D1680A5B8001}"
EndProject
Project("{FAE04EC0-301F-11D3-BF4B-00C04F79EFBC}") = "DwgClean", "..\..\CAD\DwgClean\0.0.2-AC2012\DwgClean\DwgClean.csproj", "{68ECA7A3-1C35-4309-A3DD-EA62852D6E00}"
EndProject
Project("{FAE04EC0-301F-11D3-BF4B-00C04F79EFBC}") = "TestDwgClean", "..\..\CAD\DwgClean\0.0.2-AC2012\TestDwgClean\TestDwgClean.csproj", "{581D7E34-BFE8-4952-9413-9463B0A87AF4}"
EndProject
Project("{2150E333-8FDC-42A3-9474-1A3956D46DE8}") = "Solution Items", "Solution Items", "{A65042E1-D8BC-48DD-8DE1-F0991F07EA77}"
	ProjectSection(SolutionItems) = preProject
		..\NUnit-2.6.0.11340\src\nunit.snk = ..\NUnit-2.6.0.11340\src\nunit.snk
		..\NUnit-2.6.0.11340\NUnitTests.config = ..\NUnit-2.6.0.11340\NUnitTests.config
	EndProjectSection
EndProject
Project("{2150E333-8FDC-42A3-9474-1A3956D46DE8}") = "ttt", "ttt", "{9E494634-04DC-492A-906E-C4E9843B7837}"
EndProject
Project("{2150E333-8FDC-42A3-9474-1A3956D46DE8}") = "ClientUtilitiesArxNet", "ClientUtilitiesArxNet", "{CB88D444-ABFE-4F4A-95EE-7BFF5451F056}"
EndProject
Project("{FAE04EC0-301F-11D3-BF4B-00C04F79EFBC}") = "nunit-util-arxnet", "src\ClientUtilitiesArxNet\nunit-util-arxnet\nunit-util-arxnet.csproj", "{97C74E99-7C78-4495-B919-B9D8A0E56693}"
EndProject
Project("{FAE04EC0-301F-11D3-BF4B-00C04F79EFBC}") = "nunit-util-arxnet.tests", "src\ClientUtilitiesArxNet\tests\nunit-util-arxnet.tests.csproj", "{151C395B-273D-41F0-A191-A39588626251}"
EndProject
Project("{2150E333-8FDC-42A3-9474-1A3956D46DE8}") = "GuiComponentsArxNet", "GuiComponentsArxNet", "{446EDD38-27C7-4245-BC16-8CA84B205F77}"
EndProject
Project("{FAE04EC0-301F-11D3-BF4B-00C04F79EFBC}") = "nunit-uikit-arxnet", "src\GuiComponentsArxNet\nunit-uikit-arxnet\nunit-uikit-arxnet.csproj", "{0A67F8D5-6C2F-4268-B86E-C6C024C6E0E6}"
EndProject
Project("{FAE04EC0-301F-11D3-BF4B-00C04F79EFBC}") = "nunit-uikit-arxnet.tests", "src\GuiComponentsArxNet\tests\nunit-uikit-arxnet.tests.csproj", "{B14C58B3-9569-484C-9C13-764D815AF490}"
EndProject
Project("{FAE04EC0-301F-11D3-BF4B-00C04F79EFBC}") = "nunit-gui-arxnet.tests", "src\GuiRunnerArxNet\tests\auto\nunit-gui-arxnet.tests.csproj", "{449DED43-85F1-4880-8F3C-9DA318E3DCD5}"
EndProject
Project("{FAE04EC0-301F-11D3-BF4B-00C04F79EFBC}") = "nunit-gui-arxnet.tests.manual", "src\GuiRunnerArxNet\tests\manual\nunit-gui-arxnet.tests.manual.csproj", "{829BDE95-A0E4-4CE7-B7DB-8D8F234721DC}"
EndProject
Global
	GlobalSection(SolutionConfigurationPlatforms) = preSolution
		Debug 2011|Any CPU = Debug 2011|Any CPU
		Debug AC2011|Any CPU = Debug AC2011|Any CPU
		Debug For 2006|Any CPU = Debug For 2006|Any CPU
		Debug For 2010|Any CPU = Debug For 2010|Any CPU
		Debug|Any CPU = Debug|Any CPU
		Release For 2006|Any CPU = Release For 2006|Any CPU
		Release For 2009|Any CPU = Release For 2009|Any CPU
		Release|Any CPU = Release|Any CPU
	EndGlobalSection
	GlobalSection(ProjectConfigurationPlatforms) = postSolution
		{AAB186A4-FA3D-404D-AD78-7EB5BB861655}.Debug 2011|Any CPU.ActiveCfg = Debug|Any CPU
		{AAB186A4-FA3D-404D-AD78-7EB5BB861655}.Debug 2011|Any CPU.Build.0 = Debug|Any CPU
		{AAB186A4-FA3D-404D-AD78-7EB5BB861655}.Debug AC2011|Any CPU.ActiveCfg = Debug|Any CPU
		{AAB186A4-FA3D-404D-AD78-7EB5BB861655}.Debug AC2011|Any CPU.Build.0 = Debug|Any CPU
		{AAB186A4-FA3D-404D-AD78-7EB5BB861655}.Debug For 2006|Any CPU.ActiveCfg = Debug|Any CPU
		{AAB186A4-FA3D-404D-AD78-7EB5BB861655}.Debug For 2006|Any CPU.Build.0 = Debug|Any CPU
		{AAB186A4-FA3D-404D-AD78-7EB5BB861655}.Debug For 2010|Any CPU.ActiveCfg = Debug|Any CPU
		{AAB186A4-FA3D-404D-AD78-7EB5BB861655}.Debug For 2010|Any CPU.Build.0 = Debug|Any CPU
		{AAB186A4-FA3D-404D-AD78-7EB5BB861655}.Debug|Any CPU.ActiveCfg = Debug|Any CPU
		{AAB186A4-FA3D-404D-AD78-7EB5BB861655}.Debug|Any CPU.Build.0 = Debug|Any CPU
		{AAB186A4-FA3D-404D-AD78-7EB5BB861655}.Release For 2006|Any CPU.ActiveCfg = Release|Any CPU
		{AAB186A4-FA3D-404D-AD78-7EB5BB861655}.Release For 2006|Any CPU.Build.0 = Release|Any CPU
		{AAB186A4-FA3D-404D-AD78-7EB5BB861655}.Release For 2009|Any CPU.ActiveCfg = Release|Any CPU
		{AAB186A4-FA3D-404D-AD78-7EB5BB861655}.Release For 2009|Any CPU.Build.0 = Release|Any CPU
		{AAB186A4-FA3D-404D-AD78-7EB5BB861655}.Release|Any CPU.ActiveCfg = Release|Any CPU
		{AAB186A4-FA3D-404D-AD78-7EB5BB861655}.Release|Any CPU.Build.0 = Release|Any CPU
		{3FF340D5-D3B4-4DF0-BAF1-98B3C00B6148}.Debug 2011|Any CPU.ActiveCfg = Debug|Any CPU
		{3FF340D5-D3B4-4DF0-BAF1-98B3C00B6148}.Debug 2011|Any CPU.Build.0 = Debug|Any CPU
		{3FF340D5-D3B4-4DF0-BAF1-98B3C00B6148}.Debug AC2011|Any CPU.ActiveCfg = Debug|Any CPU
		{3FF340D5-D3B4-4DF0-BAF1-98B3C00B6148}.Debug AC2011|Any CPU.Build.0 = Debug|Any CPU
		{3FF340D5-D3B4-4DF0-BAF1-98B3C00B6148}.Debug For 2006|Any CPU.ActiveCfg = Debug|Any CPU
		{3FF340D5-D3B4-4DF0-BAF1-98B3C00B6148}.Debug For 2006|Any CPU.Build.0 = Debug|Any CPU
		{3FF340D5-D3B4-4DF0-BAF1-98B3C00B6148}.Debug For 2010|Any CPU.ActiveCfg = Debug|Any CPU
		{3FF340D5-D3B4-4DF0-BAF1-98B3C00B6148}.Debug For 2010|Any CPU.Build.0 = Debug|Any CPU
		{3FF340D5-D3B4-4DF0-BAF1-98B3C00B6148}.Debug|Any CPU.ActiveCfg = Debug|Any CPU
		{3FF340D5-D3B4-4DF0-BAF1-98B3C00B6148}.Debug|Any CPU.Build.0 = Debug|Any CPU
		{3FF340D5-D3B4-4DF0-BAF1-98B3C00B6148}.Release For 2006|Any CPU.ActiveCfg = Release|Any CPU
		{3FF340D5-D3B4-4DF0-BAF1-98B3C00B6148}.Release For 2006|Any CPU.Build.0 = Release|Any CPU
		{3FF340D5-D3B4-4DF0-BAF1-98B3C00B6148}.Release For 2009|Any CPU.ActiveCfg = Release|Any CPU
		{3FF340D5-D3B4-4DF0-BAF1-98B3C00B6148}.Release For 2009|Any CPU.Build.0 = Release|Any CPU
		{3FF340D5-D3B4-4DF0-BAF1-98B3C00B6148}.Release|Any CPU.ActiveCfg = Release|Any CPU
		{3FF340D5-D3B4-4DF0-BAF1-98B3C00B6148}.Release|Any CPU.Build.0 = Release|Any CPU
		{EEE7C98B-23E6-472D-9036-C2D53B0DFE7C}.Debug 2011|Any CPU.ActiveCfg = Debug|Any CPU
		{EEE7C98B-23E6-472D-9036-C2D53B0DFE7C}.Debug 2011|Any CPU.Build.0 = Debug|Any CPU
		{EEE7C98B-23E6-472D-9036-C2D53B0DFE7C}.Debug AC2011|Any CPU.ActiveCfg = Debug|Any CPU
		{EEE7C98B-23E6-472D-9036-C2D53B0DFE7C}.Debug AC2011|Any CPU.Build.0 = Debug|Any CPU
		{EEE7C98B-23E6-472D-9036-C2D53B0DFE7C}.Debug For 2006|Any CPU.ActiveCfg = Debug|Any CPU
		{EEE7C98B-23E6-472D-9036-C2D53B0DFE7C}.Debug For 2006|Any CPU.Build.0 = Debug|Any CPU
		{EEE7C98B-23E6-472D-9036-C2D53B0DFE7C}.Debug For 2010|Any CPU.ActiveCfg = Debug|Any CPU
		{EEE7C98B-23E6-472D-9036-C2D53B0DFE7C}.Debug For 2010|Any CPU.Build.0 = Debug|Any CPU
		{EEE7C98B-23E6-472D-9036-C2D53B0DFE7C}.Debug|Any CPU.ActiveCfg = Debug|Any CPU
		{EEE7C98B-23E6-472D-9036-C2D53B0DFE7C}.Debug|Any CPU.Build.0 = Debug|Any CPU
		{EEE7C98B-23E6-472D-9036-C2D53B0DFE7C}.Release For 2006|Any CPU.ActiveCfg = Release|Any CPU
		{EEE7C98B-23E6-472D-9036-C2D53B0DFE7C}.Release For 2006|Any CPU.Build.0 = Release|Any CPU
		{EEE7C98B-23E6-472D-9036-C2D53B0DFE7C}.Release For 2009|Any CPU.ActiveCfg = Release|Any CPU
		{EEE7C98B-23E6-472D-9036-C2D53B0DFE7C}.Release For 2009|Any CPU.Build.0 = Release|Any CPU
		{EEE7C98B-23E6-472D-9036-C2D53B0DFE7C}.Release|Any CPU.ActiveCfg = Release|Any CPU
		{EEE7C98B-23E6-472D-9036-C2D53B0DFE7C}.Release|Any CPU.Build.0 = Release|Any CPU
		{27531BBF-183D-4C3A-935B-D840B9F1A3A4}.Debug 2011|Any CPU.ActiveCfg = Debug|Any CPU
		{27531BBF-183D-4C3A-935B-D840B9F1A3A4}.Debug 2011|Any CPU.Build.0 = Debug|Any CPU
		{27531BBF-183D-4C3A-935B-D840B9F1A3A4}.Debug AC2011|Any CPU.ActiveCfg = Debug|Any CPU
		{27531BBF-183D-4C3A-935B-D840B9F1A3A4}.Debug AC2011|Any CPU.Build.0 = Debug|Any CPU
		{27531BBF-183D-4C3A-935B-D840B9F1A3A4}.Debug For 2006|Any CPU.ActiveCfg = Debug|Any CPU
		{27531BBF-183D-4C3A-935B-D840B9F1A3A4}.Debug For 2006|Any CPU.Build.0 = Debug|Any CPU
		{27531BBF-183D-4C3A-935B-D840B9F1A3A4}.Debug For 2010|Any CPU.ActiveCfg = Debug|Any CPU
		{27531BBF-183D-4C3A-935B-D840B9F1A3A4}.Debug For 2010|Any CPU.Build.0 = Debug|Any CPU
		{27531BBF-183D-4C3A-935B-D840B9F1A3A4}.Debug|Any CPU.ActiveCfg = Debug|Any CPU
		{27531BBF-183D-4C3A-935B-D840B9F1A3A4}.Debug|Any CPU.Build.0 = Debug|Any CPU
		{27531BBF-183D-4C3A-935B-D840B9F1A3A4}.Release For 2006|Any CPU.ActiveCfg = Release|Any CPU
		{27531BBF-183D-4C3A-935B-D840B9F1A3A4}.Release For 2006|Any CPU.Build.0 = Release|Any CPU
		{27531BBF-183D-4C3A-935B-D840B9F1A3A4}.Release For 2009|Any CPU.ActiveCfg = Release|Any CPU
		{27531BBF-183D-4C3A-935B-D840B9F1A3A4}.Release For 2009|Any CPU.Build.0 = Release|Any CPU
		{27531BBF-183D-4C3A-935B-D840B9F1A3A4}.Release|Any CPU.ActiveCfg = Release|Any CPU
		{27531BBF-183D-4C3A-935B-D840B9F1A3A4}.Release|Any CPU.Build.0 = Release|Any CPU
		{61CE9CE5-943E-44D4-A381-814DC1406767}.Debug 2011|Any CPU.ActiveCfg = Debug|Any CPU
		{61CE9CE5-943E-44D4-A381-814DC1406767}.Debug 2011|Any CPU.Build.0 = Debug|Any CPU
		{61CE9CE5-943E-44D4-A381-814DC1406767}.Debug AC2011|Any CPU.ActiveCfg = Debug|Any CPU
		{61CE9CE5-943E-44D4-A381-814DC1406767}.Debug AC2011|Any CPU.Build.0 = Debug|Any CPU
		{61CE9CE5-943E-44D4-A381-814DC1406767}.Debug For 2006|Any CPU.ActiveCfg = Debug|Any CPU
		{61CE9CE5-943E-44D4-A381-814DC1406767}.Debug For 2006|Any CPU.Build.0 = Debug|Any CPU
		{61CE9CE5-943E-44D4-A381-814DC1406767}.Debug For 2010|Any CPU.ActiveCfg = Debug|Any CPU
		{61CE9CE5-943E-44D4-A381-814DC1406767}.Debug For 2010|Any CPU.Build.0 = Debug|Any CPU
		{61CE9CE5-943E-44D4-A381-814DC1406767}.Debug|Any CPU.ActiveCfg = Debug|Any CPU
		{61CE9CE5-943E-44D4-A381-814DC1406767}.Debug|Any CPU.Build.0 = Debug|Any CPU
		{61CE9CE5-943E-44D4-A381-814DC1406767}.Release For 2006|Any CPU.ActiveCfg = Release|Any CPU
		{61CE9CE5-943E-44D4-A381-814DC1406767}.Release For 2006|Any CPU.Build.0 = Release|Any CPU
		{61CE9CE5-943E-44D4-A381-814DC1406767}.Release For 2009|Any CPU.ActiveCfg = Release|Any CPU
		{61CE9CE5-943E-44D4-A381-814DC1406767}.Release For 2009|Any CPU.Build.0 = Release|Any CPU
		{61CE9CE5-943E-44D4-A381-814DC1406767}.Release|Any CPU.ActiveCfg = Release|Any CPU
		{61CE9CE5-943E-44D4-A381-814DC1406767}.Release|Any CPU.Build.0 = Release|Any CPU
		{83DD7E12-A705-4DBA-9D71-09C8973D9382}.Debug 2011|Any CPU.ActiveCfg = Debug|Any CPU
		{83DD7E12-A705-4DBA-9D71-09C8973D9382}.Debug 2011|Any CPU.Build.0 = Debug|Any CPU
		{83DD7E12-A705-4DBA-9D71-09C8973D9382}.Debug AC2011|Any CPU.ActiveCfg = Debug|Any CPU
		{83DD7E12-A705-4DBA-9D71-09C8973D9382}.Debug AC2011|Any CPU.Build.0 = Debug|Any CPU
		{83DD7E12-A705-4DBA-9D71-09C8973D9382}.Debug For 2006|Any CPU.ActiveCfg = Debug|Any CPU
		{83DD7E12-A705-4DBA-9D71-09C8973D9382}.Debug For 2006|Any CPU.Build.0 = Debug|Any CPU
		{83DD7E12-A705-4DBA-9D71-09C8973D9382}.Debug For 2010|Any CPU.ActiveCfg = Debug|Any CPU
		{83DD7E12-A705-4DBA-9D71-09C8973D9382}.Debug For 2010|Any CPU.Build.0 = Debug|Any CPU
		{83DD7E12-A705-4DBA-9D71-09C8973D9382}.Debug|Any CPU.ActiveCfg = Debug|Any CPU
		{83DD7E12-A705-4DBA-9D71-09C8973D9382}.Debug|Any CPU.Build.0 = Debug|Any CPU
		{83DD7E12-A705-4DBA-9D71-09C8973D9382}.Release For 2006|Any CPU.ActiveCfg = Release|Any CPU
		{83DD7E12-A705-4DBA-9D71-09C8973D9382}.Release For 2006|Any CPU.Build.0 = Release|Any CPU
		{83DD7E12-A705-4DBA-9D71-09C8973D9382}.Release For 2009|Any CPU.ActiveCfg = Release|Any CPU
		{83DD7E12-A705-4DBA-9D71-09C8973D9382}.Release For 2009|Any CPU.Build.0 = Release|Any CPU
		{83DD7E12-A705-4DBA-9D71-09C8973D9382}.Release|Any CPU.ActiveCfg = Release|Any CPU
		{83DD7E12-A705-4DBA-9D71-09C8973D9382}.Release|Any CPU.Build.0 = Release|Any CPU
		{8667C588-1A05-4773-A9E8-272EB302B8AB}.Debug 2011|Any CPU.ActiveCfg = Debug|Any CPU
		{8667C588-1A05-4773-A9E8-272EB302B8AB}.Debug 2011|Any CPU.Build.0 = Debug|Any CPU
		{8667C588-1A05-4773-A9E8-272EB302B8AB}.Debug AC2011|Any CPU.ActiveCfg = Debug|Any CPU
		{8667C588-1A05-4773-A9E8-272EB302B8AB}.Debug AC2011|Any CPU.Build.0 = Debug|Any CPU
		{8667C588-1A05-4773-A9E8-272EB302B8AB}.Debug For 2006|Any CPU.ActiveCfg = Debug|Any CPU
		{8667C588-1A05-4773-A9E8-272EB302B8AB}.Debug For 2006|Any CPU.Build.0 = Debug|Any CPU
		{8667C588-1A05-4773-A9E8-272EB302B8AB}.Debug For 2010|Any CPU.ActiveCfg = Debug|Any CPU
		{8667C588-1A05-4773-A9E8-272EB302B8AB}.Debug For 2010|Any CPU.Build.0 = Debug|Any CPU
		{8667C588-1A05-4773-A9E8-272EB302B8AB}.Debug|Any CPU.ActiveCfg = Debug|Any CPU
		{8667C588-1A05-4773-A9E8-272EB302B8AB}.Debug|Any CPU.Build.0 = Debug|Any CPU
		{8667C588-1A05-4773-A9E8-272EB302B8AB}.Release For 2006|Any CPU.ActiveCfg = Release|Any CPU
		{8667C588-1A05-4773-A9E8-272EB302B8AB}.Release For 2006|Any CPU.Build.0 = Release|Any CPU
		{8667C588-1A05-4773-A9E8-272EB302B8AB}.Release For 2009|Any CPU.ActiveCfg = Release|Any CPU
		{8667C588-1A05-4773-A9E8-272EB302B8AB}.Release For 2009|Any CPU.Build.0 = Release|Any CPU
		{8667C588-1A05-4773-A9E8-272EB302B8AB}.Release|Any CPU.ActiveCfg = Release|Any CPU
		{8667C588-1A05-4773-A9E8-272EB302B8AB}.Release|Any CPU.Build.0 = Release|Any CPU
		{63EC3999-FA6B-4C5B-8805-5A88AF4CBD7B}.Debug 2011|Any CPU.ActiveCfg = Debug|Any CPU
		{63EC3999-FA6B-4C5B-8805-5A88AF4CBD7B}.Debug 2011|Any CPU.Build.0 = Debug|Any CPU
		{63EC3999-FA6B-4C5B-8805-5A88AF4CBD7B}.Debug AC2011|Any CPU.ActiveCfg = Debug|Any CPU
		{63EC3999-FA6B-4C5B-8805-5A88AF4CBD7B}.Debug AC2011|Any CPU.Build.0 = Debug|Any CPU
		{63EC3999-FA6B-4C5B-8805-5A88AF4CBD7B}.Debug For 2006|Any CPU.ActiveCfg = Debug|Any CPU
		{63EC3999-FA6B-4C5B-8805-5A88AF4CBD7B}.Debug For 2006|Any CPU.Build.0 = Debug|Any CPU
		{63EC3999-FA6B-4C5B-8805-5A88AF4CBD7B}.Debug For 2010|Any CPU.ActiveCfg = Debug|Any CPU
		{63EC3999-FA6B-4C5B-8805-5A88AF4CBD7B}.Debug For 2010|Any CPU.Build.0 = Debug|Any CPU
		{63EC3999-FA6B-4C5B-8805-5A88AF4CBD7B}.Debug|Any CPU.ActiveCfg = Debug|Any CPU
		{63EC3999-FA6B-4C5B-8805-5A88AF4CBD7B}.Debug|Any CPU.Build.0 = Debug|Any CPU
		{63EC3999-FA6B-4C5B-8805-5A88AF4CBD7B}.Release For 2006|Any CPU.ActiveCfg = Release|Any CPU
		{63EC3999-FA6B-4C5B-8805-5A88AF4CBD7B}.Release For 2006|Any CPU.Build.0 = Release|Any CPU
		{63EC3999-FA6B-4C5B-8805-5A88AF4CBD7B}.Release For 2009|Any CPU.ActiveCfg = Release|Any CPU
		{63EC3999-FA6B-4C5B-8805-5A88AF4CBD7B}.Release For 2009|Any CPU.Build.0 = Release|Any CPU
		{63EC3999-FA6B-4C5B-8805-5A88AF4CBD7B}.Release|Any CPU.ActiveCfg = Release|Any CPU
		{63EC3999-FA6B-4C5B-8805-5A88AF4CBD7B}.Release|Any CPU.Build.0 = Release|Any CPU
		{53BF8787-CB9C-4BB8-AFB4-605DD3A5CA0E}.Debug 2011|Any CPU.ActiveCfg = Debug|Any CPU
		{53BF8787-CB9C-4BB8-AFB4-605DD3A5CA0E}.Debug 2011|Any CPU.Build.0 = Debug|Any CPU
		{53BF8787-CB9C-4BB8-AFB4-605DD3A5CA0E}.Debug AC2011|Any CPU.ActiveCfg = Debug|Any CPU
		{53BF8787-CB9C-4BB8-AFB4-605DD3A5CA0E}.Debug AC2011|Any CPU.Build.0 = Debug|Any CPU
		{53BF8787-CB9C-4BB8-AFB4-605DD3A5CA0E}.Debug For 2006|Any CPU.ActiveCfg = Debug|Any CPU
		{53BF8787-CB9C-4BB8-AFB4-605DD3A5CA0E}.Debug For 2006|Any CPU.Build.0 = Debug|Any CPU
		{53BF8787-CB9C-4BB8-AFB4-605DD3A5CA0E}.Debug For 2010|Any CPU.ActiveCfg = Debug|Any CPU
		{53BF8787-CB9C-4BB8-AFB4-605DD3A5CA0E}.Debug For 2010|Any CPU.Build.0 = Debug|Any CPU
		{53BF8787-CB9C-4BB8-AFB4-605DD3A5CA0E}.Debug|Any CPU.ActiveCfg = Debug|Any CPU
		{53BF8787-CB9C-4BB8-AFB4-605DD3A5CA0E}.Debug|Any CPU.Build.0 = Debug|Any CPU
		{53BF8787-CB9C-4BB8-AFB4-605DD3A5CA0E}.Release For 2006|Any CPU.ActiveCfg = Release|Any CPU
		{53BF8787-CB9C-4BB8-AFB4-605DD3A5CA0E}.Release For 2006|Any CPU.Build.0 = Release|Any CPU
		{53BF8787-CB9C-4BB8-AFB4-605DD3A5CA0E}.Release For 2009|Any CPU.ActiveCfg = Release|Any CPU
		{53BF8787-CB9C-4BB8-AFB4-605DD3A5CA0E}.Release For 2009|Any CPU.Build.0 = Release|Any CPU
		{53BF8787-CB9C-4BB8-AFB4-605DD3A5CA0E}.Release|Any CPU.ActiveCfg = Release|Any CPU
		{53BF8787-CB9C-4BB8-AFB4-605DD3A5CA0E}.Release|Any CPU.Build.0 = Release|Any CPU
		{8597D2C6-804D-48CB-BFC7-ED2404D389B0}.Debug 2011|Any CPU.ActiveCfg = Debug|Any CPU
		{8597D2C6-804D-48CB-BFC7-ED2404D389B0}.Debug 2011|Any CPU.Build.0 = Debug|Any CPU
		{8597D2C6-804D-48CB-BFC7-ED2404D389B0}.Debug AC2011|Any CPU.ActiveCfg = Debug|Any CPU
		{8597D2C6-804D-48CB-BFC7-ED2404D389B0}.Debug AC2011|Any CPU.Build.0 = Debug|Any CPU
		{8597D2C6-804D-48CB-BFC7-ED2404D389B0}.Debug For 2006|Any CPU.ActiveCfg = Debug|Any CPU
		{8597D2C6-804D-48CB-BFC7-ED2404D389B0}.Debug For 2006|Any CPU.Build.0 = Debug|Any CPU
		{8597D2C6-804D-48CB-BFC7-ED2404D389B0}.Debug For 2010|Any CPU.ActiveCfg = Debug|Any CPU
		{8597D2C6-804D-48CB-BFC7-ED2404D389B0}.Debug For 2010|Any CPU.Build.0 = Debug|Any CPU
		{8597D2C6-804D-48CB-BFC7-ED2404D389B0}.Debug|Any CPU.ActiveCfg = Debug|Any CPU
		{8597D2C6-804D-48CB-BFC7-ED2404D389B0}.Debug|Any CPU.Build.0 = Debug|Any CPU
		{8597D2C6-804D-48CB-BFC7-ED2404D389B0}.Release For 2006|Any CPU.ActiveCfg = Release|Any CPU
		{8597D2C6-804D-48CB-BFC7-ED2404D389B0}.Release For 2006|Any CPU.Build.0 = Release|Any CPU
		{8597D2C6-804D-48CB-BFC7-ED2404D389B0}.Release For 2009|Any CPU.ActiveCfg = Release|Any CPU
		{8597D2C6-804D-48CB-BFC7-ED2404D389B0}.Release For 2009|Any CPU.Build.0 = Release|Any CPU
		{8597D2C6-804D-48CB-BFC7-ED2404D389B0}.Release|Any CPU.ActiveCfg = Release|Any CPU
		{8597D2C6-804D-48CB-BFC7-ED2404D389B0}.Release|Any CPU.Build.0 = Release|Any CPU
		{74EF7165-117E-48ED-98EA-068EAE438E53}.Debug 2011|Any CPU.ActiveCfg = Debug|Any CPU
		{74EF7165-117E-48ED-98EA-068EAE438E53}.Debug 2011|Any CPU.Build.0 = Debug|Any CPU
		{74EF7165-117E-48ED-98EA-068EAE438E53}.Debug AC2011|Any CPU.ActiveCfg = Debug|Any CPU
		{74EF7165-117E-48ED-98EA-068EAE438E53}.Debug AC2011|Any CPU.Build.0 = Debug|Any CPU
		{74EF7165-117E-48ED-98EA-068EAE438E53}.Debug For 2006|Any CPU.ActiveCfg = Debug|Any CPU
		{74EF7165-117E-48ED-98EA-068EAE438E53}.Debug For 2006|Any CPU.Build.0 = Debug|Any CPU
		{74EF7165-117E-48ED-98EA-068EAE438E53}.Debug For 2010|Any CPU.ActiveCfg = Debug|Any CPU
		{74EF7165-117E-48ED-98EA-068EAE438E53}.Debug For 2010|Any CPU.Build.0 = Debug|Any CPU
		{74EF7165-117E-48ED-98EA-068EAE438E53}.Debug|Any CPU.ActiveCfg = Debug|Any CPU
		{74EF7165-117E-48ED-98EA-068EAE438E53}.Debug|Any CPU.Build.0 = Debug|Any CPU
		{74EF7165-117E-48ED-98EA-068EAE438E53}.Release For 2006|Any CPU.ActiveCfg = Release|Any CPU
		{74EF7165-117E-48ED-98EA-068EAE438E53}.Release For 2006|Any CPU.Build.0 = Release|Any CPU
		{74EF7165-117E-48ED-98EA-068EAE438E53}.Release For 2009|Any CPU.ActiveCfg = Release|Any CPU
		{74EF7165-117E-48ED-98EA-068EAE438E53}.Release For 2009|Any CPU.Build.0 = Release|Any CPU
		{74EF7165-117E-48ED-98EA-068EAE438E53}.Release|Any CPU.ActiveCfg = Release|Any CPU
		{74EF7165-117E-48ED-98EA-068EAE438E53}.Release|Any CPU.Build.0 = Release|Any CPU
		{8C326431-AE57-4645-ACC1-A90A0B425129}.Debug 2011|Any CPU.ActiveCfg = Debug|Any CPU
		{8C326431-AE57-4645-ACC1-A90A0B425129}.Debug 2011|Any CPU.Build.0 = Debug|Any CPU
		{8C326431-AE57-4645-ACC1-A90A0B425129}.Debug AC2011|Any CPU.ActiveCfg = Debug|Any CPU
		{8C326431-AE57-4645-ACC1-A90A0B425129}.Debug AC2011|Any CPU.Build.0 = Debug|Any CPU
		{8C326431-AE57-4645-ACC1-A90A0B425129}.Debug For 2006|Any CPU.ActiveCfg = Debug|Any CPU
		{8C326431-AE57-4645-ACC1-A90A0B425129}.Debug For 2006|Any CPU.Build.0 = Debug|Any CPU
		{8C326431-AE57-4645-ACC1-A90A0B425129}.Debug For 2010|Any CPU.ActiveCfg = Debug|Any CPU
		{8C326431-AE57-4645-ACC1-A90A0B425129}.Debug For 2010|Any CPU.Build.0 = Debug|Any CPU
		{8C326431-AE57-4645-ACC1-A90A0B425129}.Debug|Any CPU.ActiveCfg = Debug|Any CPU
		{8C326431-AE57-4645-ACC1-A90A0B425129}.Debug|Any CPU.Build.0 = Debug|Any CPU
		{8C326431-AE57-4645-ACC1-A90A0B425129}.Release For 2006|Any CPU.ActiveCfg = Release|Any CPU
		{8C326431-AE57-4645-ACC1-A90A0B425129}.Release For 2006|Any CPU.Build.0 = Release|Any CPU
		{8C326431-AE57-4645-ACC1-A90A0B425129}.Release For 2009|Any CPU.ActiveCfg = Release|Any CPU
		{8C326431-AE57-4645-ACC1-A90A0B425129}.Release For 2009|Any CPU.Build.0 = Release|Any CPU
		{8C326431-AE57-4645-ACC1-A90A0B425129}.Release|Any CPU.ActiveCfg = Release|Any CPU
		{8C326431-AE57-4645-ACC1-A90A0B425129}.Release|Any CPU.Build.0 = Release|Any CPU
		{EBD43A7F-AFCA-4281-BB53-5CDD91F966A3}.Debug 2011|Any CPU.ActiveCfg = Debug|Any CPU
		{EBD43A7F-AFCA-4281-BB53-5CDD91F966A3}.Debug 2011|Any CPU.Build.0 = Debug|Any CPU
		{EBD43A7F-AFCA-4281-BB53-5CDD91F966A3}.Debug AC2011|Any CPU.ActiveCfg = Debug|Any CPU
		{EBD43A7F-AFCA-4281-BB53-5CDD91F966A3}.Debug AC2011|Any CPU.Build.0 = Debug|Any CPU
		{EBD43A7F-AFCA-4281-BB53-5CDD91F966A3}.Debug For 2006|Any CPU.ActiveCfg = Debug|Any CPU
		{EBD43A7F-AFCA-4281-BB53-5CDD91F966A3}.Debug For 2006|Any CPU.Build.0 = Debug|Any CPU
		{EBD43A7F-AFCA-4281-BB53-5CDD91F966A3}.Debug For 2010|Any CPU.ActiveCfg = Debug|Any CPU
		{EBD43A7F-AFCA-4281-BB53-5CDD91F966A3}.Debug For 2010|Any CPU.Build.0 = Debug|Any CPU
		{EBD43A7F-AFCA-4281-BB53-5CDD91F966A3}.Debug|Any CPU.ActiveCfg = Debug|Any CPU
		{EBD43A7F-AFCA-4281-BB53-5CDD91F966A3}.Debug|Any CPU.Build.0 = Debug|Any CPU
		{EBD43A7F-AFCA-4281-BB53-5CDD91F966A3}.Release For 2006|Any CPU.ActiveCfg = Release|Any CPU
		{EBD43A7F-AFCA-4281-BB53-5CDD91F966A3}.Release For 2006|Any CPU.Build.0 = Release|Any CPU
		{EBD43A7F-AFCA-4281-BB53-5CDD91F966A3}.Release For 2009|Any CPU.ActiveCfg = Release|Any CPU
		{EBD43A7F-AFCA-4281-BB53-5CDD91F966A3}.Release For 2009|Any CPU.Build.0 = Release|Any CPU
		{EBD43A7F-AFCA-4281-BB53-5CDD91F966A3}.Release|Any CPU.ActiveCfg = Release|Any CPU
		{EBD43A7F-AFCA-4281-BB53-5CDD91F966A3}.Release|Any CPU.Build.0 = Release|Any CPU
		{DD758D21-E5D5-4D40-9450-5F65A32F359C}.Debug 2011|Any CPU.ActiveCfg = Debug|Any CPU
		{DD758D21-E5D5-4D40-9450-5F65A32F359C}.Debug 2011|Any CPU.Build.0 = Debug|Any CPU
		{DD758D21-E5D5-4D40-9450-5F65A32F359C}.Debug AC2011|Any CPU.ActiveCfg = Debug|Any CPU
		{DD758D21-E5D5-4D40-9450-5F65A32F359C}.Debug AC2011|Any CPU.Build.0 = Debug|Any CPU
		{DD758D21-E5D5-4D40-9450-5F65A32F359C}.Debug For 2006|Any CPU.ActiveCfg = Debug|Any CPU
		{DD758D21-E5D5-4D40-9450-5F65A32F359C}.Debug For 2006|Any CPU.Build.0 = Debug|Any CPU
		{DD758D21-E5D5-4D40-9450-5F65A32F359C}.Debug For 2010|Any CPU.ActiveCfg = Debug|Any CPU
		{DD758D21-E5D5-4D40-9450-5F65A32F359C}.Debug For 2010|Any CPU.Build.0 = Debug|Any CPU
		{DD758D21-E5D5-4D40-9450-5F65A32F359C}.Debug|Any CPU.ActiveCfg = Debug|Any CPU
		{DD758D21-E5D5-4D40-9450-5F65A32F359C}.Debug|Any CPU.Build.0 = Debug|Any CPU
		{DD758D21-E5D5-4D40-9450-5F65A32F359C}.Release For 2006|Any CPU.ActiveCfg = Release|Any CPU
		{DD758D21-E5D5-4D40-9450-5F65A32F359C}.Release For 2006|Any CPU.Build.0 = Release|Any CPU
		{DD758D21-E5D5-4D40-9450-5F65A32F359C}.Release For 2009|Any CPU.ActiveCfg = Release|Any CPU
		{DD758D21-E5D5-4D40-9450-5F65A32F359C}.Release For 2009|Any CPU.Build.0 = Release|Any CPU
		{DD758D21-E5D5-4D40-9450-5F65A32F359C}.Release|Any CPU.ActiveCfg = Release|Any CPU
		{DD758D21-E5D5-4D40-9450-5F65A32F359C}.Release|Any CPU.Build.0 = Release|Any CPU
		{1960CAC4-9A82-47C5-A9B3-55BC37572C3C}.Debug 2011|Any CPU.ActiveCfg = Debug|Any CPU
		{1960CAC4-9A82-47C5-A9B3-55BC37572C3C}.Debug 2011|Any CPU.Build.0 = Debug|Any CPU
		{1960CAC4-9A82-47C5-A9B3-55BC37572C3C}.Debug AC2011|Any CPU.ActiveCfg = Debug|Any CPU
		{1960CAC4-9A82-47C5-A9B3-55BC37572C3C}.Debug AC2011|Any CPU.Build.0 = Debug|Any CPU
		{1960CAC4-9A82-47C5-A9B3-55BC37572C3C}.Debug For 2006|Any CPU.ActiveCfg = Debug|Any CPU
		{1960CAC4-9A82-47C5-A9B3-55BC37572C3C}.Debug For 2006|Any CPU.Build.0 = Debug|Any CPU
		{1960CAC4-9A82-47C5-A9B3-55BC37572C3C}.Debug For 2010|Any CPU.ActiveCfg = Debug|Any CPU
		{1960CAC4-9A82-47C5-A9B3-55BC37572C3C}.Debug For 2010|Any CPU.Build.0 = Debug|Any CPU
		{1960CAC4-9A82-47C5-A9B3-55BC37572C3C}.Debug|Any CPU.ActiveCfg = Debug|Any CPU
		{1960CAC4-9A82-47C5-A9B3-55BC37572C3C}.Debug|Any CPU.Build.0 = Debug|Any CPU
		{1960CAC4-9A82-47C5-A9B3-55BC37572C3C}.Release For 2006|Any CPU.ActiveCfg = Release|Any CPU
		{1960CAC4-9A82-47C5-A9B3-55BC37572C3C}.Release For 2006|Any CPU.Build.0 = Release|Any CPU
		{1960CAC4-9A82-47C5-A9B3-55BC37572C3C}.Release For 2009|Any CPU.ActiveCfg = Release|Any CPU
		{1960CAC4-9A82-47C5-A9B3-55BC37572C3C}.Release For 2009|Any CPU.Build.0 = Release|Any CPU
		{1960CAC4-9A82-47C5-A9B3-55BC37572C3C}.Release|Any CPU.ActiveCfg = Release|Any CPU
		{1960CAC4-9A82-47C5-A9B3-55BC37572C3C}.Release|Any CPU.Build.0 = Release|Any CPU
		{435428F8-5995-4CE4-8022-93D595A8CC0F}.Debug 2011|Any CPU.ActiveCfg = Debug|Any CPU
		{435428F8-5995-4CE4-8022-93D595A8CC0F}.Debug 2011|Any CPU.Build.0 = Debug|Any CPU
		{435428F8-5995-4CE4-8022-93D595A8CC0F}.Debug AC2011|Any CPU.ActiveCfg = Debug|Any CPU
		{435428F8-5995-4CE4-8022-93D595A8CC0F}.Debug AC2011|Any CPU.Build.0 = Debug|Any CPU
		{435428F8-5995-4CE4-8022-93D595A8CC0F}.Debug For 2006|Any CPU.ActiveCfg = Debug|Any CPU
		{435428F8-5995-4CE4-8022-93D595A8CC0F}.Debug For 2006|Any CPU.Build.0 = Debug|Any CPU
		{435428F8-5995-4CE4-8022-93D595A8CC0F}.Debug For 2010|Any CPU.ActiveCfg = Debug|Any CPU
		{435428F8-5995-4CE4-8022-93D595A8CC0F}.Debug For 2010|Any CPU.Build.0 = Debug|Any CPU
		{435428F8-5995-4CE4-8022-93D595A8CC0F}.Debug|Any CPU.ActiveCfg = Debug|Any CPU
		{435428F8-5995-4CE4-8022-93D595A8CC0F}.Debug|Any CPU.Build.0 = Debug|Any CPU
		{435428F8-5995-4CE4-8022-93D595A8CC0F}.Release For 2006|Any CPU.ActiveCfg = Release|Any CPU
		{435428F8-5995-4CE4-8022-93D595A8CC0F}.Release For 2006|Any CPU.Build.0 = Release|Any CPU
		{435428F8-5995-4CE4-8022-93D595A8CC0F}.Release For 2009|Any CPU.ActiveCfg = Release|Any CPU
		{435428F8-5995-4CE4-8022-93D595A8CC0F}.Release For 2009|Any CPU.Build.0 = Release|Any CPU
		{435428F8-5995-4CE4-8022-93D595A8CC0F}.Release|Any CPU.ActiveCfg = Release|Any CPU
		{435428F8-5995-4CE4-8022-93D595A8CC0F}.Release|Any CPU.Build.0 = Release|Any CPU
		{2E368281-3BA8-4050-B05E-0E0E43F8F446}.Debug 2011|Any CPU.ActiveCfg = Debug|Any CPU
		{2E368281-3BA8-4050-B05E-0E0E43F8F446}.Debug 2011|Any CPU.Build.0 = Debug|Any CPU
		{2E368281-3BA8-4050-B05E-0E0E43F8F446}.Debug AC2011|Any CPU.ActiveCfg = Debug|Any CPU
		{2E368281-3BA8-4050-B05E-0E0E43F8F446}.Debug AC2011|Any CPU.Build.0 = Debug|Any CPU
		{2E368281-3BA8-4050-B05E-0E0E43F8F446}.Debug For 2006|Any CPU.ActiveCfg = Debug|Any CPU
		{2E368281-3BA8-4050-B05E-0E0E43F8F446}.Debug For 2006|Any CPU.Build.0 = Debug|Any CPU
		{2E368281-3BA8-4050-B05E-0E0E43F8F446}.Debug For 2010|Any CPU.ActiveCfg = Debug|Any CPU
		{2E368281-3BA8-4050-B05E-0E0E43F8F446}.Debug For 2010|Any CPU.Build.0 = Debug|Any CPU
		{2E368281-3BA8-4050-B05E-0E0E43F8F446}.Debug|Any CPU.ActiveCfg = Debug|Any CPU
		{2E368281-3BA8-4050-B05E-0E0E43F8F446}.Debug|Any CPU.Build.0 = Debug|Any CPU
		{2E368281-3BA8-4050-B05E-0E0E43F8F446}.Release For 2006|Any CPU.ActiveCfg = Release|Any CPU
		{2E368281-3BA8-4050-B05E-0E0E43F8F446}.Release For 2006|Any CPU.Build.0 = Release|Any CPU
		{2E368281-3BA8-4050-B05E-0E0E43F8F446}.Release For 2009|Any CPU.ActiveCfg = Release|Any CPU
		{2E368281-3BA8-4050-B05E-0E0E43F8F446}.Release For 2009|Any CPU.Build.0 = Release|Any CPU
		{2E368281-3BA8-4050-B05E-0E0E43F8F446}.Release|Any CPU.ActiveCfg = Release|Any CPU
		{2E368281-3BA8-4050-B05E-0E0E43F8F446}.Release|Any CPU.Build.0 = Release|Any CPU
		{5110F0D2-8E50-46F8-9E17-7C8EBFECCA9D}.Debug 2011|Any CPU.ActiveCfg = Debug|Any CPU
		{5110F0D2-8E50-46F8-9E17-7C8EBFECCA9D}.Debug 2011|Any CPU.Build.0 = Debug|Any CPU
		{5110F0D2-8E50-46F8-9E17-7C8EBFECCA9D}.Debug AC2011|Any CPU.ActiveCfg = Debug|Any CPU
		{5110F0D2-8E50-46F8-9E17-7C8EBFECCA9D}.Debug AC2011|Any CPU.Build.0 = Debug|Any CPU
		{5110F0D2-8E50-46F8-9E17-7C8EBFECCA9D}.Debug For 2006|Any CPU.ActiveCfg = Debug|Any CPU
		{5110F0D2-8E50-46F8-9E17-7C8EBFECCA9D}.Debug For 2006|Any CPU.Build.0 = Debug|Any CPU
		{5110F0D2-8E50-46F8-9E17-7C8EBFECCA9D}.Debug For 2010|Any CPU.ActiveCfg = Debug|Any CPU
		{5110F0D2-8E50-46F8-9E17-7C8EBFECCA9D}.Debug For 2010|Any CPU.Build.0 = Debug|Any CPU
		{5110F0D2-8E50-46F8-9E17-7C8EBFECCA9D}.Debug|Any CPU.ActiveCfg = Debug|Any CPU
		{5110F0D2-8E50-46F8-9E17-7C8EBFECCA9D}.Debug|Any CPU.Build.0 = Debug|Any CPU
		{5110F0D2-8E50-46F8-9E17-7C8EBFECCA9D}.Release For 2006|Any CPU.ActiveCfg = Release|Any CPU
		{5110F0D2-8E50-46F8-9E17-7C8EBFECCA9D}.Release For 2006|Any CPU.Build.0 = Release|Any CPU
		{5110F0D2-8E50-46F8-9E17-7C8EBFECCA9D}.Release For 2009|Any CPU.ActiveCfg = Release|Any CPU
		{5110F0D2-8E50-46F8-9E17-7C8EBFECCA9D}.Release For 2009|Any CPU.Build.0 = Release|Any CPU
		{5110F0D2-8E50-46F8-9E17-7C8EBFECCA9D}.Release|Any CPU.ActiveCfg = Release|Any CPU
		{5110F0D2-8E50-46F8-9E17-7C8EBFECCA9D}.Release|Any CPU.Build.0 = Release|Any CPU
		{3E63AD0F-24D4-46BE-BEE4-5A3299847D86}.Debug 2011|Any CPU.ActiveCfg = Debug|Any CPU
		{3E63AD0F-24D4-46BE-BEE4-5A3299847D86}.Debug 2011|Any CPU.Build.0 = Debug|Any CPU
		{3E63AD0F-24D4-46BE-BEE4-5A3299847D86}.Debug AC2011|Any CPU.ActiveCfg = Debug|Any CPU
		{3E63AD0F-24D4-46BE-BEE4-5A3299847D86}.Debug AC2011|Any CPU.Build.0 = Debug|Any CPU
		{3E63AD0F-24D4-46BE-BEE4-5A3299847D86}.Debug For 2006|Any CPU.ActiveCfg = Debug|Any CPU
		{3E63AD0F-24D4-46BE-BEE4-5A3299847D86}.Debug For 2006|Any CPU.Build.0 = Debug|Any CPU
		{3E63AD0F-24D4-46BE-BEE4-5A3299847D86}.Debug For 2010|Any CPU.ActiveCfg = Debug|Any CPU
		{3E63AD0F-24D4-46BE-BEE4-5A3299847D86}.Debug For 2010|Any CPU.Build.0 = Debug|Any CPU
		{3E63AD0F-24D4-46BE-BEE4-5A3299847D86}.Debug|Any CPU.ActiveCfg = Debug|Any CPU
		{3E63AD0F-24D4-46BE-BEE4-5A3299847D86}.Debug|Any CPU.Build.0 = Debug|Any CPU
		{3E63AD0F-24D4-46BE-BEE4-5A3299847D86}.Release For 2006|Any CPU.ActiveCfg = Release|Any CPU
		{3E63AD0F-24D4-46BE-BEE4-5A3299847D86}.Release For 2006|Any CPU.Build.0 = Release|Any CPU
		{3E63AD0F-24D4-46BE-BEE4-5A3299847D86}.Release For 2009|Any CPU.ActiveCfg = Release|Any CPU
		{3E63AD0F-24D4-46BE-BEE4-5A3299847D86}.Release For 2009|Any CPU.Build.0 = Release|Any CPU
		{3E63AD0F-24D4-46BE-BEE4-5A3299847D86}.Release|Any CPU.ActiveCfg = Release|Any CPU
		{3E63AD0F-24D4-46BE-BEE4-5A3299847D86}.Release|Any CPU.Build.0 = Release|Any CPU
		{9367EC89-6A38-42BA-9607-0DC288E4BC3A}.Debug 2011|Any CPU.ActiveCfg = Debug|Any CPU
		{9367EC89-6A38-42BA-9607-0DC288E4BC3A}.Debug 2011|Any CPU.Build.0 = Debug|Any CPU
		{9367EC89-6A38-42BA-9607-0DC288E4BC3A}.Debug AC2011|Any CPU.ActiveCfg = Debug|Any CPU
		{9367EC89-6A38-42BA-9607-0DC288E4BC3A}.Debug AC2011|Any CPU.Build.0 = Debug|Any CPU
		{9367EC89-6A38-42BA-9607-0DC288E4BC3A}.Debug For 2006|Any CPU.ActiveCfg = Debug|Any CPU
		{9367EC89-6A38-42BA-9607-0DC288E4BC3A}.Debug For 2006|Any CPU.Build.0 = Debug|Any CPU
		{9367EC89-6A38-42BA-9607-0DC288E4BC3A}.Debug For 2010|Any CPU.ActiveCfg = Debug|Any CPU
		{9367EC89-6A38-42BA-9607-0DC288E4BC3A}.Debug For 2010|Any CPU.Build.0 = Debug|Any CPU
		{9367EC89-6A38-42BA-9607-0DC288E4BC3A}.Debug|Any CPU.ActiveCfg = Debug|Any CPU
		{9367EC89-6A38-42BA-9607-0DC288E4BC3A}.Debug|Any CPU.Build.0 = Debug|Any CPU
		{9367EC89-6A38-42BA-9607-0DC288E4BC3A}.Release For 2006|Any CPU.ActiveCfg = Release|Any CPU
		{9367EC89-6A38-42BA-9607-0DC288E4BC3A}.Release For 2006|Any CPU.Build.0 = Release|Any CPU
		{9367EC89-6A38-42BA-9607-0DC288E4BC3A}.Release For 2009|Any CPU.ActiveCfg = Release|Any CPU
		{9367EC89-6A38-42BA-9607-0DC288E4BC3A}.Release For 2009|Any CPU.Build.0 = Release|Any CPU
		{9367EC89-6A38-42BA-9607-0DC288E4BC3A}.Release|Any CPU.ActiveCfg = Release|Any CPU
		{9367EC89-6A38-42BA-9607-0DC288E4BC3A}.Release|Any CPU.Build.0 = Release|Any CPU
		{3E469CD9-FED2-4955-AE4C-669A74CA6767}.Debug 2011|Any CPU.ActiveCfg = Debug|Any CPU
		{3E469CD9-FED2-4955-AE4C-669A74CA6767}.Debug 2011|Any CPU.Build.0 = Debug|Any CPU
		{3E469CD9-FED2-4955-AE4C-669A74CA6767}.Debug AC2011|Any CPU.ActiveCfg = Debug|Any CPU
		{3E469CD9-FED2-4955-AE4C-669A74CA6767}.Debug AC2011|Any CPU.Build.0 = Debug|Any CPU
		{3E469CD9-FED2-4955-AE4C-669A74CA6767}.Debug For 2006|Any CPU.ActiveCfg = Debug|Any CPU
		{3E469CD9-FED2-4955-AE4C-669A74CA6767}.Debug For 2006|Any CPU.Build.0 = Debug|Any CPU
		{3E469CD9-FED2-4955-AE4C-669A74CA6767}.Debug For 2010|Any CPU.ActiveCfg = Debug|Any CPU
		{3E469CD9-FED2-4955-AE4C-669A74CA6767}.Debug For 2010|Any CPU.Build.0 = Debug|Any CPU
		{3E469CD9-FED2-4955-AE4C-669A74CA6767}.Debug|Any CPU.ActiveCfg = Debug|Any CPU
		{3E469CD9-FED2-4955-AE4C-669A74CA6767}.Debug|Any CPU.Build.0 = Debug|Any CPU
		{3E469CD9-FED2-4955-AE4C-669A74CA6767}.Release For 2006|Any CPU.ActiveCfg = Release|Any CPU
		{3E469CD9-FED2-4955-AE4C-669A74CA6767}.Release For 2006|Any CPU.Build.0 = Release|Any CPU
		{3E469CD9-FED2-4955-AE4C-669A74CA6767}.Release For 2009|Any CPU.ActiveCfg = Release|Any CPU
		{3E469CD9-FED2-4955-AE4C-669A74CA6767}.Release For 2009|Any CPU.Build.0 = Release|Any CPU
		{3E469CD9-FED2-4955-AE4C-669A74CA6767}.Release|Any CPU.ActiveCfg = Release|Any CPU
		{3E469CD9-FED2-4955-AE4C-669A74CA6767}.Release|Any CPU.Build.0 = Release|Any CPU
		{5261ABA1-98E6-4603-A4F0-59CAC307AC68}.Debug 2011|Any CPU.ActiveCfg = Debug|Any CPU
		{5261ABA1-98E6-4603-A4F0-59CAC307AC68}.Debug 2011|Any CPU.Build.0 = Debug|Any CPU
		{5261ABA1-98E6-4603-A4F0-59CAC307AC68}.Debug AC2011|Any CPU.ActiveCfg = Debug|Any CPU
		{5261ABA1-98E6-4603-A4F0-59CAC307AC68}.Debug AC2011|Any CPU.Build.0 = Debug|Any CPU
		{5261ABA1-98E6-4603-A4F0-59CAC307AC68}.Debug For 2006|Any CPU.ActiveCfg = Debug|Any CPU
		{5261ABA1-98E6-4603-A4F0-59CAC307AC68}.Debug For 2006|Any CPU.Build.0 = Debug|Any CPU
		{5261ABA1-98E6-4603-A4F0-59CAC307AC68}.Debug For 2010|Any CPU.ActiveCfg = Debug|Any CPU
		{5261ABA1-98E6-4603-A4F0-59CAC307AC68}.Debug For 2010|Any CPU.Build.0 = Debug|Any CPU
		{5261ABA1-98E6-4603-A4F0-59CAC307AC68}.Debug|Any CPU.ActiveCfg = Debug|Any CPU
		{5261ABA1-98E6-4603-A4F0-59CAC307AC68}.Debug|Any CPU.Build.0 = Debug|Any CPU
		{5261ABA1-98E6-4603-A4F0-59CAC307AC68}.Release For 2006|Any CPU.ActiveCfg = Release|Any CPU
		{5261ABA1-98E6-4603-A4F0-59CAC307AC68}.Release For 2006|Any CPU.Build.0 = Release|Any CPU
		{5261ABA1-98E6-4603-A4F0-59CAC307AC68}.Release For 2009|Any CPU.ActiveCfg = Release|Any CPU
		{5261ABA1-98E6-4603-A4F0-59CAC307AC68}.Release For 2009|Any CPU.Build.0 = Release|Any CPU
		{5261ABA1-98E6-4603-A4F0-59CAC307AC68}.Release|Any CPU.ActiveCfg = Release|Any CPU
		{5261ABA1-98E6-4603-A4F0-59CAC307AC68}.Release|Any CPU.Build.0 = Release|Any CPU
		{621C27DA-CC29-4663-9FE4-BF5A67970C18}.Debug 2011|Any CPU.ActiveCfg = Debug|Any CPU
		{621C27DA-CC29-4663-9FE4-BF5A67970C18}.Debug 2011|Any CPU.Build.0 = Debug|Any CPU
		{621C27DA-CC29-4663-9FE4-BF5A67970C18}.Debug AC2011|Any CPU.ActiveCfg = Debug|Any CPU
		{621C27DA-CC29-4663-9FE4-BF5A67970C18}.Debug AC2011|Any CPU.Build.0 = Debug|Any CPU
		{621C27DA-CC29-4663-9FE4-BF5A67970C18}.Debug For 2006|Any CPU.ActiveCfg = Debug|Any CPU
		{621C27DA-CC29-4663-9FE4-BF5A67970C18}.Debug For 2006|Any CPU.Build.0 = Debug|Any CPU
		{621C27DA-CC29-4663-9FE4-BF5A67970C18}.Debug For 2010|Any CPU.ActiveCfg = Debug|Any CPU
		{621C27DA-CC29-4663-9FE4-BF5A67970C18}.Debug For 2010|Any CPU.Build.0 = Debug|Any CPU
		{621C27DA-CC29-4663-9FE4-BF5A67970C18}.Debug|Any CPU.ActiveCfg = Debug|Any CPU
		{621C27DA-CC29-4663-9FE4-BF5A67970C18}.Debug|Any CPU.Build.0 = Debug|Any CPU
		{621C27DA-CC29-4663-9FE4-BF5A67970C18}.Release For 2006|Any CPU.ActiveCfg = Release|Any CPU
		{621C27DA-CC29-4663-9FE4-BF5A67970C18}.Release For 2006|Any CPU.Build.0 = Release|Any CPU
		{621C27DA-CC29-4663-9FE4-BF5A67970C18}.Release For 2009|Any CPU.ActiveCfg = Release|Any CPU
		{621C27DA-CC29-4663-9FE4-BF5A67970C18}.Release For 2009|Any CPU.Build.0 = Release|Any CPU
		{621C27DA-CC29-4663-9FE4-BF5A67970C18}.Release|Any CPU.ActiveCfg = Release|Any CPU
		{621C27DA-CC29-4663-9FE4-BF5A67970C18}.Release|Any CPU.Build.0 = Release|Any CPU
		{91FC5C92-E801-4446-B4D6-EAC5B56A4DB2}.Debug 2011|Any CPU.ActiveCfg = Debug|Any CPU
		{91FC5C92-E801-4446-B4D6-EAC5B56A4DB2}.Debug 2011|Any CPU.Build.0 = Debug|Any CPU
		{91FC5C92-E801-4446-B4D6-EAC5B56A4DB2}.Debug AC2011|Any CPU.ActiveCfg = Debug|Any CPU
		{91FC5C92-E801-4446-B4D6-EAC5B56A4DB2}.Debug AC2011|Any CPU.Build.0 = Debug|Any CPU
		{91FC5C92-E801-4446-B4D6-EAC5B56A4DB2}.Debug For 2006|Any CPU.ActiveCfg = Debug|Any CPU
		{91FC5C92-E801-4446-B4D6-EAC5B56A4DB2}.Debug For 2006|Any CPU.Build.0 = Debug|Any CPU
		{91FC5C92-E801-4446-B4D6-EAC5B56A4DB2}.Debug For 2010|Any CPU.ActiveCfg = Debug|Any CPU
		{91FC5C92-E801-4446-B4D6-EAC5B56A4DB2}.Debug For 2010|Any CPU.Build.0 = Debug|Any CPU
		{91FC5C92-E801-4446-B4D6-EAC5B56A4DB2}.Debug|Any CPU.ActiveCfg = Debug|Any CPU
		{91FC5C92-E801-4446-B4D6-EAC5B56A4DB2}.Debug|Any CPU.Build.0 = Debug|Any CPU
		{91FC5C92-E801-4446-B4D6-EAC5B56A4DB2}.Release For 2006|Any CPU.ActiveCfg = Release|Any CPU
		{91FC5C92-E801-4446-B4D6-EAC5B56A4DB2}.Release For 2006|Any CPU.Build.0 = Release|Any CPU
		{91FC5C92-E801-4446-B4D6-EAC5B56A4DB2}.Release For 2009|Any CPU.ActiveCfg = Release|Any CPU
		{91FC5C92-E801-4446-B4D6-EAC5B56A4DB2}.Release For 2009|Any CPU.Build.0 = Release|Any CPU
		{91FC5C92-E801-4446-B4D6-EAC5B56A4DB2}.Release|Any CPU.ActiveCfg = Release|Any CPU
		{91FC5C92-E801-4446-B4D6-EAC5B56A4DB2}.Release|Any CPU.Build.0 = Release|Any CPU
		{319B9238-76BE-4335-9B4D-F8E43C4B124F}.Debug 2011|Any CPU.ActiveCfg = Debug|Any CPU
		{319B9238-76BE-4335-9B4D-F8E43C4B124F}.Debug 2011|Any CPU.Build.0 = Debug|Any CPU
		{319B9238-76BE-4335-9B4D-F8E43C4B124F}.Debug AC2011|Any CPU.ActiveCfg = Debug|Any CPU
		{319B9238-76BE-4335-9B4D-F8E43C4B124F}.Debug AC2011|Any CPU.Build.0 = Debug|Any CPU
		{319B9238-76BE-4335-9B4D-F8E43C4B124F}.Debug For 2006|Any CPU.ActiveCfg = Debug|Any CPU
		{319B9238-76BE-4335-9B4D-F8E43C4B124F}.Debug For 2006|Any CPU.Build.0 = Debug|Any CPU
		{319B9238-76BE-4335-9B4D-F8E43C4B124F}.Debug For 2010|Any CPU.ActiveCfg = Debug|Any CPU
		{319B9238-76BE-4335-9B4D-F8E43C4B124F}.Debug For 2010|Any CPU.Build.0 = Debug|Any CPU
		{319B9238-76BE-4335-9B4D-F8E43C4B124F}.Debug|Any CPU.ActiveCfg = Debug|Any CPU
		{319B9238-76BE-4335-9B4D-F8E43C4B124F}.Debug|Any CPU.Build.0 = Debug|Any CPU
		{319B9238-76BE-4335-9B4D-F8E43C4B124F}.Release For 2006|Any CPU.ActiveCfg = Release|Any CPU
		{319B9238-76BE-4335-9B4D-F8E43C4B124F}.Release For 2006|Any CPU.Build.0 = Release|Any CPU
		{319B9238-76BE-4335-9B4D-F8E43C4B124F}.Release For 2009|Any CPU.ActiveCfg = Release|Any CPU
		{319B9238-76BE-4335-9B4D-F8E43C4B124F}.Release For 2009|Any CPU.Build.0 = Release|Any CPU
		{319B9238-76BE-4335-9B4D-F8E43C4B124F}.Release|Any CPU.ActiveCfg = Release|Any CPU
		{319B9238-76BE-4335-9B4D-F8E43C4B124F}.Release|Any CPU.Build.0 = Release|Any CPU
		{3E87A106-EB20-4147-84C8-95B0BB43A1D4}.Debug 2011|Any CPU.ActiveCfg = Debug|Any CPU
		{3E87A106-EB20-4147-84C8-95B0BB43A1D4}.Debug 2011|Any CPU.Build.0 = Debug|Any CPU
		{3E87A106-EB20-4147-84C8-95B0BB43A1D4}.Debug AC2011|Any CPU.ActiveCfg = Debug|Any CPU
		{3E87A106-EB20-4147-84C8-95B0BB43A1D4}.Debug AC2011|Any CPU.Build.0 = Debug|Any CPU
		{3E87A106-EB20-4147-84C8-95B0BB43A1D4}.Debug For 2006|Any CPU.ActiveCfg = Debug|Any CPU
		{3E87A106-EB20-4147-84C8-95B0BB43A1D4}.Debug For 2006|Any CPU.Build.0 = Debug|Any CPU
		{3E87A106-EB20-4147-84C8-95B0BB43A1D4}.Debug For 2010|Any CPU.ActiveCfg = Debug|Any CPU
		{3E87A106-EB20-4147-84C8-95B0BB43A1D4}.Debug For 2010|Any CPU.Build.0 = Debug|Any CPU
		{3E87A106-EB20-4147-84C8-95B0BB43A1D4}.Debug|Any CPU.ActiveCfg = Debug|Any CPU
		{3E87A106-EB20-4147-84C8-95B0BB43A1D4}.Debug|Any CPU.Build.0 = Debug|Any CPU
		{3E87A106-EB20-4147-84C8-95B0BB43A1D4}.Release For 2006|Any CPU.ActiveCfg = Release|Any CPU
		{3E87A106-EB20-4147-84C8-95B0BB43A1D4}.Release For 2006|Any CPU.Build.0 = Release|Any CPU
		{3E87A106-EB20-4147-84C8-95B0BB43A1D4}.Release For 2009|Any CPU.ActiveCfg = Release|Any CPU
		{3E87A106-EB20-4147-84C8-95B0BB43A1D4}.Release For 2009|Any CPU.Build.0 = Release|Any CPU
		{3E87A106-EB20-4147-84C8-95B0BB43A1D4}.Release|Any CPU.ActiveCfg = Release|Any CPU
		{3E87A106-EB20-4147-84C8-95B0BB43A1D4}.Release|Any CPU.Build.0 = Release|Any CPU
		{092486D0-6AB9-4134-932F-0FDA10704455}.Debug 2011|Any CPU.ActiveCfg = Debug|Any CPU
		{092486D0-6AB9-4134-932F-0FDA10704455}.Debug 2011|Any CPU.Build.0 = Debug|Any CPU
		{092486D0-6AB9-4134-932F-0FDA10704455}.Debug AC2011|Any CPU.ActiveCfg = Debug|Any CPU
		{092486D0-6AB9-4134-932F-0FDA10704455}.Debug AC2011|Any CPU.Build.0 = Debug|Any CPU
		{092486D0-6AB9-4134-932F-0FDA10704455}.Debug For 2006|Any CPU.ActiveCfg = Debug|Any CPU
		{092486D0-6AB9-4134-932F-0FDA10704455}.Debug For 2006|Any CPU.Build.0 = Debug|Any CPU
		{092486D0-6AB9-4134-932F-0FDA10704455}.Debug For 2010|Any CPU.ActiveCfg = Debug|Any CPU
		{092486D0-6AB9-4134-932F-0FDA10704455}.Debug For 2010|Any CPU.Build.0 = Debug|Any CPU
		{092486D0-6AB9-4134-932F-0FDA10704455}.Debug|Any CPU.ActiveCfg = Debug|Any CPU
		{092486D0-6AB9-4134-932F-0FDA10704455}.Debug|Any CPU.Build.0 = Debug|Any CPU
		{092486D0-6AB9-4134-932F-0FDA10704455}.Release For 2006|Any CPU.ActiveCfg = Release|Any CPU
		{092486D0-6AB9-4134-932F-0FDA10704455}.Release For 2006|Any CPU.Build.0 = Release|Any CPU
		{092486D0-6AB9-4134-932F-0FDA10704455}.Release For 2009|Any CPU.ActiveCfg = Release|Any CPU
		{092486D0-6AB9-4134-932F-0FDA10704455}.Release For 2009|Any CPU.Build.0 = Release|Any CPU
		{092486D0-6AB9-4134-932F-0FDA10704455}.Release|Any CPU.ActiveCfg = Release|Any CPU
		{092486D0-6AB9-4134-932F-0FDA10704455}.Release|Any CPU.Build.0 = Release|Any CPU
		{100DB59D-F245-400D-890F-0EBF44A8FEC7}.Debug 2011|Any CPU.ActiveCfg = Debug AC2011|Any CPU
		{100DB59D-F245-400D-890F-0EBF44A8FEC7}.Debug 2011|Any CPU.Build.0 = Debug AC2011|Any CPU
		{100DB59D-F245-400D-890F-0EBF44A8FEC7}.Debug AC2011|Any CPU.ActiveCfg = Debug AC2011|Any CPU
		{100DB59D-F245-400D-890F-0EBF44A8FEC7}.Debug AC2011|Any CPU.Build.0 = Debug AC2011|Any CPU
		{100DB59D-F245-400D-890F-0EBF44A8FEC7}.Debug For 2006|Any CPU.ActiveCfg = Debug AC2011|Any CPU
		{100DB59D-F245-400D-890F-0EBF44A8FEC7}.Debug For 2006|Any CPU.Build.0 = Debug AC2011|Any CPU
		{100DB59D-F245-400D-890F-0EBF44A8FEC7}.Debug For 2010|Any CPU.ActiveCfg = Debug AC2011|Any CPU
		{100DB59D-F245-400D-890F-0EBF44A8FEC7}.Debug For 2010|Any CPU.Build.0 = Debug AC2011|Any CPU
		{100DB59D-F245-400D-890F-0EBF44A8FEC7}.Debug|Any CPU.ActiveCfg = Debug|Any CPU
		{100DB59D-F245-400D-890F-0EBF44A8FEC7}.Debug|Any CPU.Build.0 = Debug|Any CPU
		{100DB59D-F245-400D-890F-0EBF44A8FEC7}.Release For 2006|Any CPU.ActiveCfg = Release|Any CPU
		{100DB59D-F245-400D-890F-0EBF44A8FEC7}.Release For 2006|Any CPU.Build.0 = Release|Any CPU
		{100DB59D-F245-400D-890F-0EBF44A8FEC7}.Release For 2009|Any CPU.ActiveCfg = Release|Any CPU
		{100DB59D-F245-400D-890F-0EBF44A8FEC7}.Release For 2009|Any CPU.Build.0 = Release|Any CPU
		{100DB59D-F245-400D-890F-0EBF44A8FEC7}.Release|Any CPU.ActiveCfg = Release|Any CPU
		{100DB59D-F245-400D-890F-0EBF44A8FEC7}.Release|Any CPU.Build.0 = Release|Any CPU
		{37C157B3-221D-4437-AEFB-03A85C93C914}.Debug 2011|Any CPU.ActiveCfg = Debug|Any CPU
		{37C157B3-221D-4437-AEFB-03A85C93C914}.Debug 2011|Any CPU.Build.0 = Debug|Any CPU
		{37C157B3-221D-4437-AEFB-03A85C93C914}.Debug AC2011|Any CPU.ActiveCfg = Debug|Any CPU
		{37C157B3-221D-4437-AEFB-03A85C93C914}.Debug AC2011|Any CPU.Build.0 = Debug|Any CPU
		{37C157B3-221D-4437-AEFB-03A85C93C914}.Debug For 2006|Any CPU.ActiveCfg = Debug|Any CPU
		{37C157B3-221D-4437-AEFB-03A85C93C914}.Debug For 2006|Any CPU.Build.0 = Debug|Any CPU
		{37C157B3-221D-4437-AEFB-03A85C93C914}.Debug For 2010|Any CPU.ActiveCfg = Debug|Any CPU
		{37C157B3-221D-4437-AEFB-03A85C93C914}.Debug For 2010|Any CPU.Build.0 = Debug|Any CPU
		{37C157B3-221D-4437-AEFB-03A85C93C914}.Debug|Any CPU.ActiveCfg = Debug|Any CPU
		{37C157B3-221D-4437-AEFB-03A85C93C914}.Debug|Any CPU.Build.0 = Debug|Any CPU
		{37C157B3-221D-4437-AEFB-03A85C93C914}.Release For 2006|Any CPU.ActiveCfg = Release|Any CPU
		{37C157B3-221D-4437-AEFB-03A85C93C914}.Release For 2006|Any CPU.Build.0 = Release|Any CPU
		{37C157B3-221D-4437-AEFB-03A85C93C914}.Release For 2009|Any CPU.ActiveCfg = Release|Any CPU
		{37C157B3-221D-4437-AEFB-03A85C93C914}.Release For 2009|Any CPU.Build.0 = Release|Any CPU
		{37C157B3-221D-4437-AEFB-03A85C93C914}.Release|Any CPU.ActiveCfg = Release|Any CPU
		{37C157B3-221D-4437-AEFB-03A85C93C914}.Release|Any CPU.Build.0 = Release|Any CPU
		{15D66EEE-A852-4A52-89C2-83E74ECF3770}.Debug 2011|Any CPU.ActiveCfg = Debug|Any CPU
		{15D66EEE-A852-4A52-89C2-83E74ECF3770}.Debug 2011|Any CPU.Build.0 = Debug|Any CPU
		{15D66EEE-A852-4A52-89C2-83E74ECF3770}.Debug AC2011|Any CPU.ActiveCfg = Debug|Any CPU
		{15D66EEE-A852-4A52-89C2-83E74ECF3770}.Debug AC2011|Any CPU.Build.0 = Debug|Any CPU
		{15D66EEE-A852-4A52-89C2-83E74ECF3770}.Debug For 2006|Any CPU.ActiveCfg = Debug|Any CPU
		{15D66EEE-A852-4A52-89C2-83E74ECF3770}.Debug For 2006|Any CPU.Build.0 = Debug|Any CPU
		{15D66EEE-A852-4A52-89C2-83E74ECF3770}.Debug For 2010|Any CPU.ActiveCfg = Debug|Any CPU
		{15D66EEE-A852-4A52-89C2-83E74ECF3770}.Debug For 2010|Any CPU.Build.0 = Debug|Any CPU
		{15D66EEE-A852-4A52-89C2-83E74ECF3770}.Debug|Any CPU.ActiveCfg = Debug|Any CPU
		{15D66EEE-A852-4A52-89C2-83E74ECF3770}.Debug|Any CPU.Build.0 = Debug|Any CPU
		{15D66EEE-A852-4A52-89C2-83E74ECF3770}.Release For 2006|Any CPU.ActiveCfg = Release|Any CPU
		{15D66EEE-A852-4A52-89C2-83E74ECF3770}.Release For 2006|Any CPU.Build.0 = Release|Any CPU
		{15D66EEE-A852-4A52-89C2-83E74ECF3770}.Release For 2009|Any CPU.ActiveCfg = Release|Any CPU
		{15D66EEE-A852-4A52-89C2-83E74ECF3770}.Release For 2009|Any CPU.Build.0 = Release|Any CPU
		{15D66EEE-A852-4A52-89C2-83E74ECF3770}.Release|Any CPU.ActiveCfg = Release|Any CPU
		{15D66EEE-A852-4A52-89C2-83E74ECF3770}.Release|Any CPU.Build.0 = Release|Any CPU
		{11EDF872-A04D-4F75-A1BF-71168DC86AF3}.Debug 2011|Any CPU.ActiveCfg = Debug|Any CPU
		{11EDF872-A04D-4F75-A1BF-71168DC86AF3}.Debug 2011|Any CPU.Build.0 = Debug|Any CPU
		{11EDF872-A04D-4F75-A1BF-71168DC86AF3}.Debug AC2011|Any CPU.ActiveCfg = Debug|Any CPU
		{11EDF872-A04D-4F75-A1BF-71168DC86AF3}.Debug AC2011|Any CPU.Build.0 = Debug|Any CPU
		{11EDF872-A04D-4F75-A1BF-71168DC86AF3}.Debug For 2006|Any CPU.ActiveCfg = Debug|Any CPU
		{11EDF872-A04D-4F75-A1BF-71168DC86AF3}.Debug For 2006|Any CPU.Build.0 = Debug|Any CPU
		{11EDF872-A04D-4F75-A1BF-71168DC86AF3}.Debug For 2010|Any CPU.ActiveCfg = Debug|Any CPU
		{11EDF872-A04D-4F75-A1BF-71168DC86AF3}.Debug For 2010|Any CPU.Build.0 = Debug|Any CPU
		{11EDF872-A04D-4F75-A1BF-71168DC86AF3}.Debug|Any CPU.ActiveCfg = Debug|Any CPU
		{11EDF872-A04D-4F75-A1BF-71168DC86AF3}.Debug|Any CPU.Build.0 = Debug|Any CPU
		{11EDF872-A04D-4F75-A1BF-71168DC86AF3}.Release For 2006|Any CPU.ActiveCfg = Release|Any CPU
		{11EDF872-A04D-4F75-A1BF-71168DC86AF3}.Release For 2006|Any CPU.Build.0 = Release|Any CPU
		{11EDF872-A04D-4F75-A1BF-71168DC86AF3}.Release For 2009|Any CPU.ActiveCfg = Release|Any CPU
		{11EDF872-A04D-4F75-A1BF-71168DC86AF3}.Release For 2009|Any CPU.Build.0 = Release|Any CPU
		{11EDF872-A04D-4F75-A1BF-71168DC86AF3}.Release|Any CPU.ActiveCfg = Release|Any CPU
		{11EDF872-A04D-4F75-A1BF-71168DC86AF3}.Release|Any CPU.Build.0 = Release|Any CPU
		{06F46FA2-687B-4B46-A912-C1B0B4CC1B20}.Debug 2011|Any CPU.ActiveCfg = Debug|Any CPU
		{06F46FA2-687B-4B46-A912-C1B0B4CC1B20}.Debug 2011|Any CPU.Build.0 = Debug|Any CPU
		{06F46FA2-687B-4B46-A912-C1B0B4CC1B20}.Debug AC2011|Any CPU.ActiveCfg = Debug|Any CPU
		{06F46FA2-687B-4B46-A912-C1B0B4CC1B20}.Debug AC2011|Any CPU.Build.0 = Debug|Any CPU
		{06F46FA2-687B-4B46-A912-C1B0B4CC1B20}.Debug For 2006|Any CPU.ActiveCfg = Debug|Any CPU
		{06F46FA2-687B-4B46-A912-C1B0B4CC1B20}.Debug For 2006|Any CPU.Build.0 = Debug|Any CPU
		{06F46FA2-687B-4B46-A912-C1B0B4CC1B20}.Debug For 2010|Any CPU.ActiveCfg = Debug|Any CPU
		{06F46FA2-687B-4B46-A912-C1B0B4CC1B20}.Debug For 2010|Any CPU.Build.0 = Debug|Any CPU
		{06F46FA2-687B-4B46-A912-C1B0B4CC1B20}.Debug|Any CPU.ActiveCfg = Debug|Any CPU
		{06F46FA2-687B-4B46-A912-C1B0B4CC1B20}.Debug|Any CPU.Build.0 = Debug|Any CPU
		{06F46FA2-687B-4B46-A912-C1B0B4CC1B20}.Release For 2006|Any CPU.ActiveCfg = Release|Any CPU
		{06F46FA2-687B-4B46-A912-C1B0B4CC1B20}.Release For 2006|Any CPU.Build.0 = Release|Any CPU
		{06F46FA2-687B-4B46-A912-C1B0B4CC1B20}.Release For 2009|Any CPU.ActiveCfg = Release|Any CPU
		{06F46FA2-687B-4B46-A912-C1B0B4CC1B20}.Release For 2009|Any CPU.Build.0 = Release|Any CPU
		{06F46FA2-687B-4B46-A912-C1B0B4CC1B20}.Release|Any CPU.ActiveCfg = Release|Any CPU
		{06F46FA2-687B-4B46-A912-C1B0B4CC1B20}.Release|Any CPU.Build.0 = Release|Any CPU
		{0F335A1B-3249-4237-83BB-FD226AAC0C8D}.Debug 2011|Any CPU.ActiveCfg = Debug|Any CPU
		{0F335A1B-3249-4237-83BB-FD226AAC0C8D}.Debug 2011|Any CPU.Build.0 = Debug|Any CPU
		{0F335A1B-3249-4237-83BB-FD226AAC0C8D}.Debug AC2011|Any CPU.ActiveCfg = Debug|Any CPU
		{0F335A1B-3249-4237-83BB-FD226AAC0C8D}.Debug AC2011|Any CPU.Build.0 = Debug|Any CPU
		{0F335A1B-3249-4237-83BB-FD226AAC0C8D}.Debug For 2006|Any CPU.ActiveCfg = Debug|Any CPU
		{0F335A1B-3249-4237-83BB-FD226AAC0C8D}.Debug For 2006|Any CPU.Build.0 = Debug|Any CPU
		{0F335A1B-3249-4237-83BB-FD226AAC0C8D}.Debug For 2010|Any CPU.ActiveCfg = Debug|Any CPU
		{0F335A1B-3249-4237-83BB-FD226AAC0C8D}.Debug For 2010|Any CPU.Build.0 = Debug|Any CPU
		{0F335A1B-3249-4237-83BB-FD226AAC0C8D}.Debug|Any CPU.ActiveCfg = Debug|Any CPU
		{0F335A1B-3249-4237-83BB-FD226AAC0C8D}.Debug|Any CPU.Build.0 = Debug|Any CPU
		{0F335A1B-3249-4237-83BB-FD226AAC0C8D}.Release For 2006|Any CPU.ActiveCfg = Release|Any CPU
		{0F335A1B-3249-4237-83BB-FD226AAC0C8D}.Release For 2006|Any CPU.Build.0 = Release|Any CPU
		{0F335A1B-3249-4237-83BB-FD226AAC0C8D}.Release For 2009|Any CPU.ActiveCfg = Release|Any CPU
		{0F335A1B-3249-4237-83BB-FD226AAC0C8D}.Release For 2009|Any CPU.Build.0 = Release|Any CPU
		{0F335A1B-3249-4237-83BB-FD226AAC0C8D}.Release|Any CPU.ActiveCfg = Release|Any CPU
		{0F335A1B-3249-4237-83BB-FD226AAC0C8D}.Release|Any CPU.Build.0 = Release|Any CPU
		{47A86F7B-808A-4742-8693-A0F2000A06E6}.Debug 2011|Any CPU.ActiveCfg = Debug|Any CPU
		{47A86F7B-808A-4742-8693-A0F2000A06E6}.Debug 2011|Any CPU.Build.0 = Debug|Any CPU
		{47A86F7B-808A-4742-8693-A0F2000A06E6}.Debug AC2011|Any CPU.ActiveCfg = Debug|Any CPU
		{47A86F7B-808A-4742-8693-A0F2000A06E6}.Debug AC2011|Any CPU.Build.0 = Debug|Any CPU
		{47A86F7B-808A-4742-8693-A0F2000A06E6}.Debug For 2006|Any CPU.ActiveCfg = Debug|Any CPU
		{47A86F7B-808A-4742-8693-A0F2000A06E6}.Debug For 2006|Any CPU.Build.0 = Debug|Any CPU
		{47A86F7B-808A-4742-8693-A0F2000A06E6}.Debug For 2010|Any CPU.ActiveCfg = Debug|Any CPU
		{47A86F7B-808A-4742-8693-A0F2000A06E6}.Debug For 2010|Any CPU.Build.0 = Debug|Any CPU
		{47A86F7B-808A-4742-8693-A0F2000A06E6}.Debug|Any CPU.ActiveCfg = Debug|Any CPU
		{47A86F7B-808A-4742-8693-A0F2000A06E6}.Debug|Any CPU.Build.0 = Debug|Any CPU
		{47A86F7B-808A-4742-8693-A0F2000A06E6}.Release For 2006|Any CPU.ActiveCfg = Release|Any CPU
		{47A86F7B-808A-4742-8693-A0F2000A06E6}.Release For 2006|Any CPU.Build.0 = Release|Any CPU
		{47A86F7B-808A-4742-8693-A0F2000A06E6}.Release For 2009|Any CPU.ActiveCfg = Release|Any CPU
		{47A86F7B-808A-4742-8693-A0F2000A06E6}.Release For 2009|Any CPU.Build.0 = Release|Any CPU
		{47A86F7B-808A-4742-8693-A0F2000A06E6}.Release|Any CPU.ActiveCfg = Release|Any CPU
		{47A86F7B-808A-4742-8693-A0F2000A06E6}.Release|Any CPU.Build.0 = Release|Any CPU
		{D10CD614-60D0-49B0-A07F-D4FB5BADC279}.Debug 2011|Any CPU.ActiveCfg = Debug|Any CPU
		{D10CD614-60D0-49B0-A07F-D4FB5BADC279}.Debug 2011|Any CPU.Build.0 = Debug|Any CPU
		{D10CD614-60D0-49B0-A07F-D4FB5BADC279}.Debug AC2011|Any CPU.ActiveCfg = Debug|Any CPU
		{D10CD614-60D0-49B0-A07F-D4FB5BADC279}.Debug AC2011|Any CPU.Build.0 = Debug|Any CPU
		{D10CD614-60D0-49B0-A07F-D4FB5BADC279}.Debug For 2006|Any CPU.ActiveCfg = Debug|Any CPU
		{D10CD614-60D0-49B0-A07F-D4FB5BADC279}.Debug For 2006|Any CPU.Build.0 = Debug|Any CPU
		{D10CD614-60D0-49B0-A07F-D4FB5BADC279}.Debug For 2010|Any CPU.ActiveCfg = Debug|Any CPU
		{D10CD614-60D0-49B0-A07F-D4FB5BADC279}.Debug For 2010|Any CPU.Build.0 = Debug|Any CPU
		{D10CD614-60D0-49B0-A07F-D4FB5BADC279}.Debug|Any CPU.ActiveCfg = Debug|Any CPU
		{D10CD614-60D0-49B0-A07F-D4FB5BADC279}.Debug|Any CPU.Build.0 = Debug|Any CPU
		{D10CD614-60D0-49B0-A07F-D4FB5BADC279}.Release For 2006|Any CPU.ActiveCfg = Release|Any CPU
		{D10CD614-60D0-49B0-A07F-D4FB5BADC279}.Release For 2006|Any CPU.Build.0 = Release|Any CPU
		{D10CD614-60D0-49B0-A07F-D4FB5BADC279}.Release For 2009|Any CPU.ActiveCfg = Release|Any CPU
		{D10CD614-60D0-49B0-A07F-D4FB5BADC279}.Release For 2009|Any CPU.Build.0 = Release|Any CPU
		{D10CD614-60D0-49B0-A07F-D4FB5BADC279}.Release|Any CPU.ActiveCfg = Release|Any CPU
		{D10CD614-60D0-49B0-A07F-D4FB5BADC279}.Release|Any CPU.Build.0 = Release|Any CPU
		{AAD27267-DE1F-4F61-A1FB-D1680A5B8001}.Debug 2011|Any CPU.ActiveCfg = Debug|Any CPU
		{AAD27267-DE1F-4F61-A1FB-D1680A5B8001}.Debug 2011|Any CPU.Build.0 = Debug|Any CPU
		{AAD27267-DE1F-4F61-A1FB-D1680A5B8001}.Debug AC2011|Any CPU.ActiveCfg = Debug|Any CPU
		{AAD27267-DE1F-4F61-A1FB-D1680A5B8001}.Debug AC2011|Any CPU.Build.0 = Debug|Any CPU
		{AAD27267-DE1F-4F61-A1FB-D1680A5B8001}.Debug For 2006|Any CPU.ActiveCfg = Debug|Any CPU
		{AAD27267-DE1F-4F61-A1FB-D1680A5B8001}.Debug For 2006|Any CPU.Build.0 = Debug|Any CPU
		{AAD27267-DE1F-4F61-A1FB-D1680A5B8001}.Debug For 2010|Any CPU.ActiveCfg = Debug|Any CPU
		{AAD27267-DE1F-4F61-A1FB-D1680A5B8001}.Debug For 2010|Any CPU.Build.0 = Debug|Any CPU
		{AAD27267-DE1F-4F61-A1FB-D1680A5B8001}.Debug|Any CPU.ActiveCfg = Debug|Any CPU
		{AAD27267-DE1F-4F61-A1FB-D1680A5B8001}.Debug|Any CPU.Build.0 = Debug|Any CPU
		{AAD27267-DE1F-4F61-A1FB-D1680A5B8001}.Release For 2006|Any CPU.ActiveCfg = Release|Any CPU
		{AAD27267-DE1F-4F61-A1FB-D1680A5B8001}.Release For 2006|Any CPU.Build.0 = Release|Any CPU
		{AAD27267-DE1F-4F61-A1FB-D1680A5B8001}.Release For 2009|Any CPU.ActiveCfg = Release|Any CPU
		{AAD27267-DE1F-4F61-A1FB-D1680A5B8001}.Release For 2009|Any CPU.Build.0 = Release|Any CPU
		{AAD27267-DE1F-4F61-A1FB-D1680A5B8001}.Release|Any CPU.ActiveCfg = Release|Any CPU
		{AAD27267-DE1F-4F61-A1FB-D1680A5B8001}.Release|Any CPU.Build.0 = Release|Any CPU
		{68ECA7A3-1C35-4309-A3DD-EA62852D6E00}.Debug 2011|Any CPU.ActiveCfg = Debug|Any CPU
		{68ECA7A3-1C35-4309-A3DD-EA62852D6E00}.Debug 2011|Any CPU.Build.0 = Debug|Any CPU
		{68ECA7A3-1C35-4309-A3DD-EA62852D6E00}.Debug AC2011|Any CPU.ActiveCfg = Debug|Any CPU
		{68ECA7A3-1C35-4309-A3DD-EA62852D6E00}.Debug AC2011|Any CPU.Build.0 = Debug|Any CPU
		{68ECA7A3-1C35-4309-A3DD-EA62852D6E00}.Debug For 2006|Any CPU.ActiveCfg = Debug|Any CPU
		{68ECA7A3-1C35-4309-A3DD-EA62852D6E00}.Debug For 2006|Any CPU.Build.0 = Debug|Any CPU
		{68ECA7A3-1C35-4309-A3DD-EA62852D6E00}.Debug For 2010|Any CPU.ActiveCfg = Debug|Any CPU
		{68ECA7A3-1C35-4309-A3DD-EA62852D6E00}.Debug For 2010|Any CPU.Build.0 = Debug|Any CPU
		{68ECA7A3-1C35-4309-A3DD-EA62852D6E00}.Debug|Any CPU.ActiveCfg = Debug|Any CPU
		{68ECA7A3-1C35-4309-A3DD-EA62852D6E00}.Debug|Any CPU.Build.0 = Debug|Any CPU
		{68ECA7A3-1C35-4309-A3DD-EA62852D6E00}.Release For 2006|Any CPU.ActiveCfg = Release|Any CPU
		{68ECA7A3-1C35-4309-A3DD-EA62852D6E00}.Release For 2006|Any CPU.Build.0 = Release|Any CPU
		{68ECA7A3-1C35-4309-A3DD-EA62852D6E00}.Release For 2009|Any CPU.ActiveCfg = Release|Any CPU
		{68ECA7A3-1C35-4309-A3DD-EA62852D6E00}.Release For 2009|Any CPU.Build.0 = Release|Any CPU
		{68ECA7A3-1C35-4309-A3DD-EA62852D6E00}.Release|Any CPU.ActiveCfg = Release|Any CPU
		{68ECA7A3-1C35-4309-A3DD-EA62852D6E00}.Release|Any CPU.Build.0 = Release|Any CPU
		{581D7E34-BFE8-4952-9413-9463B0A87AF4}.Debug 2011|Any CPU.ActiveCfg = Debug|Any CPU
		{581D7E34-BFE8-4952-9413-9463B0A87AF4}.Debug 2011|Any CPU.Build.0 = Debug|Any CPU
		{581D7E34-BFE8-4952-9413-9463B0A87AF4}.Debug AC2011|Any CPU.ActiveCfg = Debug|Any CPU
		{581D7E34-BFE8-4952-9413-9463B0A87AF4}.Debug AC2011|Any CPU.Build.0 = Debug|Any CPU
		{581D7E34-BFE8-4952-9413-9463B0A87AF4}.Debug For 2006|Any CPU.ActiveCfg = Debug|Any CPU
		{581D7E34-BFE8-4952-9413-9463B0A87AF4}.Debug For 2006|Any CPU.Build.0 = Debug|Any CPU
		{581D7E34-BFE8-4952-9413-9463B0A87AF4}.Debug For 2010|Any CPU.ActiveCfg = Debug|Any CPU
		{581D7E34-BFE8-4952-9413-9463B0A87AF4}.Debug For 2010|Any CPU.Build.0 = Debug|Any CPU
		{581D7E34-BFE8-4952-9413-9463B0A87AF4}.Debug|Any CPU.ActiveCfg = Debug|Any CPU
		{581D7E34-BFE8-4952-9413-9463B0A87AF4}.Debug|Any CPU.Build.0 = Debug|Any CPU
		{581D7E34-BFE8-4952-9413-9463B0A87AF4}.Release For 2006|Any CPU.ActiveCfg = Release|Any CPU
		{581D7E34-BFE8-4952-9413-9463B0A87AF4}.Release For 2006|Any CPU.Build.0 = Release|Any CPU
		{581D7E34-BFE8-4952-9413-9463B0A87AF4}.Release For 2009|Any CPU.ActiveCfg = Release|Any CPU
		{581D7E34-BFE8-4952-9413-9463B0A87AF4}.Release For 2009|Any CPU.Build.0 = Release|Any CPU
		{581D7E34-BFE8-4952-9413-9463B0A87AF4}.Release|Any CPU.ActiveCfg = Release|Any CPU
		{581D7E34-BFE8-4952-9413-9463B0A87AF4}.Release|Any CPU.Build.0 = Release|Any CPU
		{97C74E99-7C78-4495-B919-B9D8A0E56693}.Debug 2011|Any CPU.ActiveCfg = Debug|Any CPU
		{97C74E99-7C78-4495-B919-B9D8A0E56693}.Debug 2011|Any CPU.Build.0 = Debug|Any CPU
		{97C74E99-7C78-4495-B919-B9D8A0E56693}.Debug AC2011|Any CPU.ActiveCfg = Debug|Any CPU
		{97C74E99-7C78-4495-B919-B9D8A0E56693}.Debug AC2011|Any CPU.Build.0 = Debug|Any CPU
		{97C74E99-7C78-4495-B919-B9D8A0E56693}.Debug For 2006|Any CPU.ActiveCfg = Debug|Any CPU
		{97C74E99-7C78-4495-B919-B9D8A0E56693}.Debug For 2006|Any CPU.Build.0 = Debug|Any CPU
		{97C74E99-7C78-4495-B919-B9D8A0E56693}.Debug For 2010|Any CPU.ActiveCfg = Debug|Any CPU
		{97C74E99-7C78-4495-B919-B9D8A0E56693}.Debug For 2010|Any CPU.Build.0 = Debug|Any CPU
		{97C74E99-7C78-4495-B919-B9D8A0E56693}.Debug|Any CPU.ActiveCfg = Debug|Any CPU
		{97C74E99-7C78-4495-B919-B9D8A0E56693}.Debug|Any CPU.Build.0 = Debug|Any CPU
		{97C74E99-7C78-4495-B919-B9D8A0E56693}.Release For 2006|Any CPU.ActiveCfg = Release|Any CPU
		{97C74E99-7C78-4495-B919-B9D8A0E56693}.Release For 2006|Any CPU.Build.0 = Release|Any CPU
		{97C74E99-7C78-4495-B919-B9D8A0E56693}.Release For 2009|Any CPU.ActiveCfg = Release|Any CPU
		{97C74E99-7C78-4495-B919-B9D8A0E56693}.Release For 2009|Any CPU.Build.0 = Release|Any CPU
		{97C74E99-7C78-4495-B919-B9D8A0E56693}.Release|Any CPU.ActiveCfg = Release|Any CPU
		{97C74E99-7C78-4495-B919-B9D8A0E56693}.Release|Any CPU.Build.0 = Release|Any CPU
		{151C395B-273D-41F0-A191-A39588626251}.Debug 2011|Any CPU.ActiveCfg = Debug|Any CPU
		{151C395B-273D-41F0-A191-A39588626251}.Debug 2011|Any CPU.Build.0 = Debug|Any CPU
		{151C395B-273D-41F0-A191-A39588626251}.Debug AC2011|Any CPU.ActiveCfg = Debug|Any CPU
		{151C395B-273D-41F0-A191-A39588626251}.Debug AC2011|Any CPU.Build.0 = Debug|Any CPU
		{151C395B-273D-41F0-A191-A39588626251}.Debug For 2006|Any CPU.ActiveCfg = Debug|Any CPU
		{151C395B-273D-41F0-A191-A39588626251}.Debug For 2006|Any CPU.Build.0 = Debug|Any CPU
		{151C395B-273D-41F0-A191-A39588626251}.Debug For 2010|Any CPU.ActiveCfg = Debug|Any CPU
		{151C395B-273D-41F0-A191-A39588626251}.Debug For 2010|Any CPU.Build.0 = Debug|Any CPU
		{151C395B-273D-41F0-A191-A39588626251}.Debug|Any CPU.ActiveCfg = Debug|Any CPU
		{151C395B-273D-41F0-A191-A39588626251}.Debug|Any CPU.Build.0 = Debug|Any CPU
		{151C395B-273D-41F0-A191-A39588626251}.Release For 2006|Any CPU.ActiveCfg = Release|Any CPU
		{151C395B-273D-41F0-A191-A39588626251}.Release For 2006|Any CPU.Build.0 = Release|Any CPU
		{151C395B-273D-41F0-A191-A39588626251}.Release For 2009|Any CPU.ActiveCfg = Release|Any CPU
		{151C395B-273D-41F0-A191-A39588626251}.Release For 2009|Any CPU.Build.0 = Release|Any CPU
		{151C395B-273D-41F0-A191-A39588626251}.Release|Any CPU.ActiveCfg = Release|Any CPU
		{151C395B-273D-41F0-A191-A39588626251}.Release|Any CPU.Build.0 = Release|Any CPU
		{0A67F8D5-6C2F-4268-B86E-C6C024C6E0E6}.Debug 2011|Any CPU.ActiveCfg = Debug|Any CPU
		{0A67F8D5-6C2F-4268-B86E-C6C024C6E0E6}.Debug 2011|Any CPU.Build.0 = Debug|Any CPU
		{0A67F8D5-6C2F-4268-B86E-C6C024C6E0E6}.Debug AC2011|Any CPU.ActiveCfg = Debug|Any CPU
		{0A67F8D5-6C2F-4268-B86E-C6C024C6E0E6}.Debug AC2011|Any CPU.Build.0 = Debug|Any CPU
		{0A67F8D5-6C2F-4268-B86E-C6C024C6E0E6}.Debug For 2006|Any CPU.ActiveCfg = Debug|Any CPU
		{0A67F8D5-6C2F-4268-B86E-C6C024C6E0E6}.Debug For 2006|Any CPU.Build.0 = Debug|Any CPU
		{0A67F8D5-6C2F-4268-B86E-C6C024C6E0E6}.Debug For 2010|Any CPU.ActiveCfg = Debug|Any CPU
		{0A67F8D5-6C2F-4268-B86E-C6C024C6E0E6}.Debug For 2010|Any CPU.Build.0 = Debug|Any CPU
		{0A67F8D5-6C2F-4268-B86E-C6C024C6E0E6}.Debug|Any CPU.ActiveCfg = Debug|Any CPU
		{0A67F8D5-6C2F-4268-B86E-C6C024C6E0E6}.Debug|Any CPU.Build.0 = Debug|Any CPU
		{0A67F8D5-6C2F-4268-B86E-C6C024C6E0E6}.Release For 2006|Any CPU.ActiveCfg = Release|Any CPU
		{0A67F8D5-6C2F-4268-B86E-C6C024C6E0E6}.Release For 2006|Any CPU.Build.0 = Release|Any CPU
		{0A67F8D5-6C2F-4268-B86E-C6C024C6E0E6}.Release For 2009|Any CPU.ActiveCfg = Release|Any CPU
		{0A67F8D5-6C2F-4268-B86E-C6C024C6E0E6}.Release For 2009|Any CPU.Build.0 = Release|Any CPU
		{0A67F8D5-6C2F-4268-B86E-C6C024C6E0E6}.Release|Any CPU.ActiveCfg = Release|Any CPU
		{0A67F8D5-6C2F-4268-B86E-C6C024C6E0E6}.Release|Any CPU.Build.0 = Release|Any CPU
		{B14C58B3-9569-484C-9C13-764D815AF490}.Debug 2011|Any CPU.ActiveCfg = Debug|Any CPU
		{B14C58B3-9569-484C-9C13-764D815AF490}.Debug 2011|Any CPU.Build.0 = Debug|Any CPU
		{B14C58B3-9569-484C-9C13-764D815AF490}.Debug AC2011|Any CPU.ActiveCfg = Debug|Any CPU
		{B14C58B3-9569-484C-9C13-764D815AF490}.Debug AC2011|Any CPU.Build.0 = Debug|Any CPU
		{B14C58B3-9569-484C-9C13-764D815AF490}.Debug For 2006|Any CPU.ActiveCfg = Debug|Any CPU
		{B14C58B3-9569-484C-9C13-764D815AF490}.Debug For 2006|Any CPU.Build.0 = Debug|Any CPU
		{B14C58B3-9569-484C-9C13-764D815AF490}.Debug For 2010|Any CPU.ActiveCfg = Debug|Any CPU
		{B14C58B3-9569-484C-9C13-764D815AF490}.Debug For 2010|Any CPU.Build.0 = Debug|Any CPU
		{B14C58B3-9569-484C-9C13-764D815AF490}.Debug|Any CPU.ActiveCfg = Debug|Any CPU
		{B14C58B3-9569-484C-9C13-764D815AF490}.Debug|Any CPU.Build.0 = Debug|Any CPU
		{B14C58B3-9569-484C-9C13-764D815AF490}.Release For 2006|Any CPU.ActiveCfg = Release|Any CPU
		{B14C58B3-9569-484C-9C13-764D815AF490}.Release For 2006|Any CPU.Build.0 = Release|Any CPU
		{B14C58B3-9569-484C-9C13-764D815AF490}.Release For 2009|Any CPU.ActiveCfg = Release|Any CPU
		{B14C58B3-9569-484C-9C13-764D815AF490}.Release For 2009|Any CPU.Build.0 = Release|Any CPU
		{B14C58B3-9569-484C-9C13-764D815AF490}.Release|Any CPU.ActiveCfg = Release|Any CPU
		{B14C58B3-9569-484C-9C13-764D815AF490}.Release|Any CPU.Build.0 = Release|Any CPU
		{449DED43-85F1-4880-8F3C-9DA318E3DCD5}.Debug 2011|Any CPU.ActiveCfg = Debug|Any CPU
		{449DED43-85F1-4880-8F3C-9DA318E3DCD5}.Debug 2011|Any CPU.Build.0 = Debug|Any CPU
		{449DED43-85F1-4880-8F3C-9DA318E3DCD5}.Debug AC2011|Any CPU.ActiveCfg = Debug|Any CPU
		{449DED43-85F1-4880-8F3C-9DA318E3DCD5}.Debug AC2011|Any CPU.Build.0 = Debug|Any CPU
		{449DED43-85F1-4880-8F3C-9DA318E3DCD5}.Debug For 2006|Any CPU.ActiveCfg = Debug|Any CPU
		{449DED43-85F1-4880-8F3C-9DA318E3DCD5}.Debug For 2006|Any CPU.Build.0 = Debug|Any CPU
		{449DED43-85F1-4880-8F3C-9DA318E3DCD5}.Debug For 2010|Any CPU.ActiveCfg = Debug|Any CPU
		{449DED43-85F1-4880-8F3C-9DA318E3DCD5}.Debug For 2010|Any CPU.Build.0 = Debug|Any CPU
		{449DED43-85F1-4880-8F3C-9DA318E3DCD5}.Debug|Any CPU.ActiveCfg = Debug|Any CPU
		{449DED43-85F1-4880-8F3C-9DA318E3DCD5}.Debug|Any CPU.Build.0 = Debug|Any CPU
		{449DED43-85F1-4880-8F3C-9DA318E3DCD5}.Release For 2006|Any CPU.ActiveCfg = Release|Any CPU
		{449DED43-85F1-4880-8F3C-9DA318E3DCD5}.Release For 2006|Any CPU.Build.0 = Release|Any CPU
		{449DED43-85F1-4880-8F3C-9DA318E3DCD5}.Release For 2009|Any CPU.ActiveCfg = Release|Any CPU
		{449DED43-85F1-4880-8F3C-9DA318E3DCD5}.Release For 2009|Any CPU.Build.0 = Release|Any CPU
		{449DED43-85F1-4880-8F3C-9DA318E3DCD5}.Release|Any CPU.ActiveCfg = Release|Any CPU
		{449DED43-85F1-4880-8F3C-9DA318E3DCD5}.Release|Any CPU.Build.0 = Release|Any CPU
		{829BDE95-A0E4-4CE7-B7DB-8D8F234721DC}.Debug 2011|Any CPU.ActiveCfg = Debug|Any CPU
		{829BDE95-A0E4-4CE7-B7DB-8D8F234721DC}.Debug 2011|Any CPU.Build.0 = Debug|Any CPU
		{829BDE95-A0E4-4CE7-B7DB-8D8F234721DC}.Debug AC2011|Any CPU.ActiveCfg = Debug|Any CPU
		{829BDE95-A0E4-4CE7-B7DB-8D8F234721DC}.Debug AC2011|Any CPU.Build.0 = Debug|Any CPU
		{829BDE95-A0E4-4CE7-B7DB-8D8F234721DC}.Debug For 2006|Any CPU.ActiveCfg = Debug|Any CPU
		{829BDE95-A0E4-4CE7-B7DB-8D8F234721DC}.Debug For 2006|Any CPU.Build.0 = Debug|Any CPU
		{829BDE95-A0E4-4CE7-B7DB-8D8F234721DC}.Debug For 2010|Any CPU.ActiveCfg = Debug|Any CPU
		{829BDE95-A0E4-4CE7-B7DB-8D8F234721DC}.Debug For 2010|Any CPU.Build.0 = Debug|Any CPU
		{829BDE95-A0E4-4CE7-B7DB-8D8F234721DC}.Debug|Any CPU.ActiveCfg = Debug|Any CPU
		{829BDE95-A0E4-4CE7-B7DB-8D8F234721DC}.Debug|Any CPU.Build.0 = Debug|Any CPU
		{829BDE95-A0E4-4CE7-B7DB-8D8F234721DC}.Release For 2006|Any CPU.ActiveCfg = Release|Any CPU
		{829BDE95-A0E4-4CE7-B7DB-8D8F234721DC}.Release For 2006|Any CPU.Build.0 = Release|Any CPU
		{829BDE95-A0E4-4CE7-B7DB-8D8F234721DC}.Release For 2009|Any CPU.ActiveCfg = Release|Any CPU
		{829BDE95-A0E4-4CE7-B7DB-8D8F234721DC}.Release For 2009|Any CPU.Build.0 = Release|Any CPU
		{829BDE95-A0E4-4CE7-B7DB-8D8F234721DC}.Release|Any CPU.ActiveCfg = Release|Any CPU
		{829BDE95-A0E4-4CE7-B7DB-8D8F234721DC}.Release|Any CPU.Build.0 = Release|Any CPU
	EndGlobalSection
	GlobalSection(SolutionProperties) = preSolution
		HideSolutionNode = FALSE
	EndGlobalSection
	GlobalSection(NestedProjects) = preSolution
		{732AA51B-CA7C-4F80-8D43-3AD752383AB8} = {6A986B8F-A26A-4F86-920F-0F8AF2428939}
		{E7B76DE7-B89D-43F2-B5AC-73AADEDA5A8B} = {6A986B8F-A26A-4F86-920F-0F8AF2428939}
		{211E6B92-9542-4ABB-A9A5-CCF8D98CEEC4} = {6A986B8F-A26A-4F86-920F-0F8AF2428939}
		{CB88D444-ABFE-4F4A-95EE-7BFF5451F056} = {6A986B8F-A26A-4F86-920F-0F8AF2428939}
		{446EDD38-27C7-4245-BC16-8CA84B205F77} = {6A986B8F-A26A-4F86-920F-0F8AF2428939}
		{A2FF9F1B-1854-479A-859C-6ECEBF045E4C} = {5C30000C-1DE0-436C-98A3-D79DB28BF140}
		{D448BA20-BA70-4F70-AF53-4C0E6C1E97E7} = {5C30000C-1DE0-436C-98A3-D79DB28BF140}
		{1DBAF726-8009-41CC-B82A-4EFE94CBEEFC} = {5C30000C-1DE0-436C-98A3-D79DB28BF140}
		{77D10207-CB02-4C3A-8734-5A5173E3C506} = {5C30000C-1DE0-436C-98A3-D79DB28BF140}
		{AEAED2BD-F22D-42C8-9047-F293BEF70EAB} = {5C30000C-1DE0-436C-98A3-D79DB28BF140}
		{168F8C38-129C-454A-B112-F456BC7F4FE4} = {5C30000C-1DE0-436C-98A3-D79DB28BF140}
		{35A92AA3-A1E6-426E-8D96-322F3EBF1C8D} = {5C30000C-1DE0-436C-98A3-D79DB28BF140}
		{6142B985-EA14-4DE0-884F-E62D89949E1D} = {5C30000C-1DE0-436C-98A3-D79DB28BF140}
		{7740410A-54B5-4334-8DE3-6D6F616BD6A5} = {5C30000C-1DE0-436C-98A3-D79DB28BF140}
		{979724B8-6FAA-400F-B40D-EB653A815C87} = {5C30000C-1DE0-436C-98A3-D79DB28BF140}
		{D029F8FD-84E3-4AD3-8F1B-CCA0C856E659} = {5C30000C-1DE0-436C-98A3-D79DB28BF140}
		{992367F7-9154-4424-B55E-3EF8673A2A36} = {5C30000C-1DE0-436C-98A3-D79DB28BF140}
		{A65042E1-D8BC-48DD-8DE1-F0991F07EA77} = {5C30000C-1DE0-436C-98A3-D79DB28BF140}
		{83DD7E12-A705-4DBA-9D71-09C8973D9382} = {A2FF9F1B-1854-479A-859C-6ECEBF045E4C}
		{8C326431-AE57-4645-ACC1-A90A0B425129} = {A2FF9F1B-1854-479A-859C-6ECEBF045E4C}
		{61CE9CE5-943E-44D4-A381-814DC1406767} = {D448BA20-BA70-4F70-AF53-4C0E6C1E97E7}
		{74EF7165-117E-48ED-98EA-068EAE438E53} = {D448BA20-BA70-4F70-AF53-4C0E6C1E97E7}
		{53BF8787-CB9C-4BB8-AFB4-605DD3A5CA0E} = {1DBAF726-8009-41CC-B82A-4EFE94CBEEFC}
		{8597D2C6-804D-48CB-BFC7-ED2404D389B0} = {1DBAF726-8009-41CC-B82A-4EFE94CBEEFC}
		{9367EC89-6A38-42BA-9607-0DC288E4BC3A} = {1DBAF726-8009-41CC-B82A-4EFE94CBEEFC}
		{AAB186A4-FA3D-404D-AD78-7EB5BB861655} = {77D10207-CB02-4C3A-8734-5A5173E3C506}
		{3FF340D5-D3B4-4DF0-BAF1-98B3C00B6148} = {77D10207-CB02-4C3A-8734-5A5173E3C506}
		{AAD27267-DE1F-4F61-A1FB-D1680A5B8001} = {77D10207-CB02-4C3A-8734-5A5173E3C506}
		{EBD43A7F-AFCA-4281-BB53-5CDD91F966A3} = {AEAED2BD-F22D-42C8-9047-F293BEF70EAB}
		{DD758D21-E5D5-4D40-9450-5F65A32F359C} = {AEAED2BD-F22D-42C8-9047-F293BEF70EAB}
		{435428F8-5995-4CE4-8022-93D595A8CC0F} = {AEAED2BD-F22D-42C8-9047-F293BEF70EAB}
		{27531BBF-183D-4C3A-935B-D840B9F1A3A4} = {168F8C38-129C-454A-B112-F456BC7F4FE4}
		{63EC3999-FA6B-4C5B-8805-5A88AF4CBD7B} = {168F8C38-129C-454A-B112-F456BC7F4FE4}
		{3E87A106-EB20-4147-84C8-95B0BB43A1D4} = {35A92AA3-A1E6-426E-8D96-322F3EBF1C8D}
		{092486D0-6AB9-4134-932F-0FDA10704455} = {35A92AA3-A1E6-426E-8D96-322F3EBF1C8D}
		{1960CAC4-9A82-47C5-A9B3-55BC37572C3C} = {6142B985-EA14-4DE0-884F-E62D89949E1D}
		{2E368281-3BA8-4050-B05E-0E0E43F8F446} = {6142B985-EA14-4DE0-884F-E62D89949E1D}
		{5110F0D2-8E50-46F8-9E17-7C8EBFECCA9D} = {6142B985-EA14-4DE0-884F-E62D89949E1D}
		{3E63AD0F-24D4-46BE-BEE4-5A3299847D86} = {6142B985-EA14-4DE0-884F-E62D89949E1D}
		{EEE7C98B-23E6-472D-9036-C2D53B0DFE7C} = {7740410A-54B5-4334-8DE3-6D6F616BD6A5}
		{8667C588-1A05-4773-A9E8-272EB302B8AB} = {7740410A-54B5-4334-8DE3-6D6F616BD6A5}
		{5261ABA1-98E6-4603-A4F0-59CAC307AC68} = {979724B8-6FAA-400F-B40D-EB653A815C87}
		{621C27DA-CC29-4663-9FE4-BF5A67970C18} = {979724B8-6FAA-400F-B40D-EB653A815C87}
		{91FC5C92-E801-4446-B4D6-EAC5B56A4DB2} = {979724B8-6FAA-400F-B40D-EB653A815C87}
		{319B9238-76BE-4335-9B4D-F8E43C4B124F} = {979724B8-6FAA-400F-B40D-EB653A815C87}
		{3E469CD9-FED2-4955-AE4C-669A74CA6767} = {D029F8FD-84E3-4AD3-8F1B-CCA0C856E659}
		{ED57DCEC-3C16-4A90-BD3C-4D5BE5AD70FB} = {992367F7-9154-4424-B55E-3EF8673A2A36}
		{A9E1C1E9-AE97-4510-AD94-EAFADE425FBE} = {992367F7-9154-4424-B55E-3EF8673A2A36}
		{A785FC02-6044-4864-BE24-4593CAD23A97} = {A65042E1-D8BC-48DD-8DE1-F0991F07EA77}
		{100DB59D-F245-400D-890F-0EBF44A8FEC7} = {732AA51B-CA7C-4F80-8D43-3AD752383AB8}
		{37C157B3-221D-4437-AEFB-03A85C93C914} = {732AA51B-CA7C-4F80-8D43-3AD752383AB8}
		{0F335A1B-3249-4237-83BB-FD226AAC0C8D} = {732AA51B-CA7C-4F80-8D43-3AD752383AB8}
		{47A86F7B-808A-4742-8693-A0F2000A06E6} = {E7B76DE7-B89D-43F2-B5AC-73AADEDA5A8B}
		{D10CD614-60D0-49B0-A07F-D4FB5BADC279} = {E7B76DE7-B89D-43F2-B5AC-73AADEDA5A8B}
		{449DED43-85F1-4880-8F3C-9DA318E3DCD5} = {E7B76DE7-B89D-43F2-B5AC-73AADEDA5A8B}
		{829BDE95-A0E4-4CE7-B7DB-8D8F234721DC} = {E7B76DE7-B89D-43F2-B5AC-73AADEDA5A8B}
		{BF913949-88A9-48C1-8257-158DA46D38C8} = {211E6B92-9542-4ABB-A9A5-CCF8D98CEEC4}
		{11EDF872-A04D-4F75-A1BF-71168DC86AF3} = {BF913949-88A9-48C1-8257-158DA46D38C8}
		{06F46FA2-687B-4B46-A912-C1B0B4CC1B20} = {BF913949-88A9-48C1-8257-158DA46D38C8}
		{15D66EEE-A852-4A52-89C2-83E74ECF3770} = {BF913949-88A9-48C1-8257-158DA46D38C8}
		{581D7E34-BFE8-4952-9413-9463B0A87AF4} = {9E494634-04DC-492A-906E-C4E9843B7837}
		{68ECA7A3-1C35-4309-A3DD-EA62852D6E00} = {9E494634-04DC-492A-906E-C4E9843B7837}
		{A785FC02-6044-4864-BE24-4593CAD23A97} = {A65042E1-D8BC-48DD-8DE1-F0991F07EA77}
		{97C74E99-7C78-4495-B919-B9D8A0E56693} = {CB88D444-ABFE-4F4A-95EE-7BFF5451F056}
		{151C395B-273D-41F0-A191-A39588626251} = {CB88D444-ABFE-4F4A-95EE-7BFF5451F056}
		{0A67F8D5-6C2F-4268-B86E-C6C024C6E0E6} = {446EDD38-27C7-4245-BC16-8CA84B205F77}
		{B14C58B3-9569-484C-9C13-764D815AF490} = {446EDD38-27C7-4245-BC16-8CA84B205F77}
	EndGlobalSection
	GlobalSection(MonoDevelopProperties) = preSolution
		StartupItem = src\GuiRunner\nunit-gui-exe\nunit-gui.exe.csproj
	EndGlobalSection
EndGlobal
